// !$*UTF8*$!
{
	archiveVersion = 1;
	classes = {
	};
	objectVersion = 77;
	objects = {

/* Begin PBXBuildFile section */
		018B10C6D81CE663CA6ABDAF /* Reminder.swift in Sources */ = {isa = PBXBuildFile; fileRef = 179D69E3B5805B436F8EC603 /* Reminder.swift */; };
		03EB04DFAA8414C74E05A5D0 /* TimerService.swift in Sources */ = {isa = PBXBuildFile; fileRef = 5D44BBEC9DF709B2A32DEDF6 /* TimerService.swift */; };
		065D63AFDAA7FC6EF74AE8C6 /* build_and_test.sh in Resources */ = {isa = PBXBuildFile; fileRef = "TEMP_D69E54F6-FB58-402E-A5ED-3C232885D918" /* build_and_test.sh */; };
		0A45D74C78280394147C3AE4 /* README.md in Resources */ = {isa = PBXBuildFile; fileRef = "TEMP_4C4D6AA7-3D55-40E1-95A1-D53E7BF72535" /* README.md */; };
		0F79B0DDB9D96B60F8217762 /* Color+Theme.swift in Sources */ = {isa = PBXBuildFile; fileRef = FFBE0E4D5EC73FFBD6BA7F72 /* Color+Theme.swift */; };
		120F05E3D9CC45DB4B94F7F2 /* applypatch-msg.sample in Resources */ = {isa = PBXBuildFile; fileRef = 5ADC8F4B571268A38A9FDAA7 /* applypatch-msg.sample */; };
		19DAE03DAF0C743AD10B8281 /* DailySchedule.swift in Sources */ = {isa = PBXBuildFile; fileRef = 3B4551DAAA41CADA0FED0EC7 /* DailySchedule.swift */; };
		1ACBD3CDC5A78078C0839B19 /* ActivityDetailView.swift in Sources */ = {isa = PBXBuildFile; fileRef = 11D3E43CCEBA11BEE780B6BB /* ActivityDetailView.swift */; };
		1D6607385B768130779E1551 /* DashboardViewModel.swift in Sources */ = {isa = PBXBuildFile; fileRef = 96DEC5CC6238092A1C118BBD /* DashboardViewModel.swift */; };
		1E8F55DD7A0D4901FA7DEC99 /* CalorieEntryForm.swift in Sources */ = {isa = PBXBuildFile; fileRef = D5218951C328BC5B350F2383 /* CalorieEntryForm.swift */; };
		2B15E915D8D4ECEB7E812FFE /* MediaControlService.swift in Sources */ = {isa = PBXBuildFile; fileRef = 4FA7CC09F6B5E380011304FB /* MediaControlService.swift */; };
		2FE14F7C17B2E350BE93A41C /* pre-rebase.sample in Resources */ = {isa = PBXBuildFile; fileRef = 9D8F480984547C6654D1585C /* pre-rebase.sample */; };
		3A56A8E53DC577839C87F306 /* CalorieEntry.swift in Sources */ = {isa = PBXBuildFile; fileRef = 65B2FA6F8B4E5ED895B950ED /* CalorieEntry.swift */; };
		3B6FA6BC12A95E70ACD17F74 /* ActivityHistoryView.swift in Sources */ = {isa = PBXBuildFile; fileRef = B9AD25FB6F2CF86705DDB444 /* ActivityHistoryView.swift */; };
		43FC0E449FB902CF1CE5D67B /* TimelineViewModel.swift in Sources */ = {isa = PBXBuildFile; fileRef = D1B6E389CB51FEBDF48966A0 /* TimelineViewModel.swift */; };
		474F864160BA7439543B0819 /* fsmonitor-watchman.sample in Resources */ = {isa = PBXBuildFile; fileRef = C80C7AB5E2DB2E64D7999077 /* fsmonitor-watchman.sample */; };
		4E7984BA1D281FE234E1D294 /* DatabaseTests.swift in Sources */ = {isa = PBXBuildFile; fileRef = BC58282EB910343B0ECB843E /* DatabaseTests.swift */; };
		52A9C0DA08CC12599281CEB7 /* AnalyticsView.swift in Sources */ = {isa = PBXBuildFile; fileRef = A7B92BA8A6186A7201B20A21 /* AnalyticsView.swift */; };
		5330D3F4DC4C648D3E658804 /* ScheduleService.swift in Sources */ = {isa = PBXBuildFile; fileRef = 36BFE0DD67091712B5404200 /* ScheduleService.swift */; };
		55677302F13B5617B0A70AAA /* ActivityHistoryViewModel.swift in Sources */ = {isa = PBXBuildFile; fileRef = D4BB017ED18D1CA46D6F613D /* ActivityHistoryViewModel.swift */; };
		59615AEA6B168965CEE53C49 /* CurrentActivityCard.swift in Sources */ = {isa = PBXBuildFile; fileRef = B7383432C9C874D2A285A915 /* CurrentActivityCard.swift */; };
		5A36B1A344290DBF3A975433 /* CalorieView.swift in Sources */ = {isa = PBXBuildFile; fileRef = 15501E296147976A6CF47569 /* CalorieView.swift */; };
		5A7E7DFD147831C5724FFAB7 /* CheckInRecord.swift in Sources */ = {isa = PBXBuildFile; fileRef = A3169FBDC98A7E82996EE60A /* CheckInRecord.swift */; };
		5BC224A7CB6A5237AC0848B3 /* ActivityCategory.swift in Sources */ = {isa = PBXBuildFile; fileRef = 0E4778CB74B51529609C1139 /* ActivityCategory.swift */; };
		5D00013F61641DBFD8871FB8 /* TimerView.swift in Sources */ = {isa = PBXBuildFile; fileRef = FB818F245421FF6CA8437FA9 /* TimerView.swift */; };
		6042BA93F88C2233EAAA1A5A /* pre-push.sample in Resources */ = {isa = PBXBuildFile; fileRef = DFB45D037F12FCE3571145B5 /* pre-push.sample */; };
		60E62518B6FA37C845B7B53C /* UIUXTests.swift in Sources */ = {isa = PBXBuildFile; fileRef = 9D9F941840E61692FBA96F69 /* UIUXTests.swift */; };
		61C4D48A1268A91EFF0E003A /* pre-merge-commit.sample in Resources */ = {isa = PBXBuildFile; fileRef = 8DC1EBD45CCCFD42A9C5F61D /* pre-merge-commit.sample */; };
		62F656214033E7AF6A628AC2 /* prepare-commit-msg.sample in Resources */ = {isa = PBXBuildFile; fileRef = 7AD2F303D4E32024515B3C10 /* prepare-commit-msg.sample */; };
		635F34AE22190B9558FB8F92 /* AnalyticsViewModel.swift in Sources */ = {isa = PBXBuildFile; fileRef = CAB2CA0F6BA9C6ACF5CB9ACB /* AnalyticsViewModel.swift */; };
		69AB00353F032DCF30E86D5D /* SettingsViewModel.swift in Sources */ = {isa = PBXBuildFile; fileRef = 179B6228C917063C24188357 /* SettingsViewModel.swift */; };
		6A883CEE73A2C8611DE9F05E /* DailyRoutineApp.swift in Sources */ = {isa = PBXBuildFile; fileRef = "TEMP_3DB2AE50-ECBE-4391-8322-611B7525180A" /* DailyRoutineApp.swift */; };
		6AC3982CC3915763CD6BF626 /* Assets.xcassets in Resources */ = {isa = PBXBuildFile; fileRef = "TEMP_C064C944-C965-45D6-86DD-A098A6F9E07F" /* Assets.xcassets */; };
		720BAEAC8F01D7026275F0D7 /* MiniPlayerView.swift in Sources */ = {isa = PBXBuildFile; fileRef = 3C4DC5F811783707BA3E3BDE /* MiniPlayerView.swift */; };
		7498D285DA23F7281E3394AD /* QuickActionsView.swift in Sources */ = {isa = PBXBuildFile; fileRef = 19EE9E5B697791CC3A6224F0 /* QuickActionsView.swift */; };
		7676EB902A3BDFD5CCF51BDE /* DailyTimelineView.swift in Sources */ = {isa = PBXBuildFile; fileRef = 2B01C77CCB5F1AA3E92893D5 /* DailyTimelineView.swift */; };
		769393CE38870648A8B40F05 /* UpcomingActivityCard.swift in Sources */ = {isa = PBXBuildFile; fileRef = BEC7FE2257B188872E602AC1 /* UpcomingActivityCard.swift */; };
		77B7BE992092C57482EBDE52 /* HeatmapView.swift in Sources */ = {isa = PBXBuildFile; fileRef = 987DEFB7FA53091A78EB054E /* HeatmapView.swift */; };
		7DAB47CF28953DA5A3481A78 /* CameraView.swift in Sources */ = {isa = PBXBuildFile; fileRef = BD168A8526C7F5DBE92C313E /* CameraView.swift */; };
		81259B6D554EDA0CAC8D1C1F /* BackendTests.swift in Sources */ = {isa = PBXBuildFile; fileRef = BDBFF8B69BC18C338BA3E019 /* BackendTests.swift */; };
		8456A7B030E5ED5522F57F5C /* ActivityLog.swift in Sources */ = {isa = PBXBuildFile; fileRef = DF3AA9A7DD5AE4A3C198EFD8 /* ActivityLog.swift */; };
		861D625F6379A7A0BDB4ECBB /* pre-receive.sample in Resources */ = {isa = PBXBuildFile; fileRef = C0515111A9B7800DEDB6F66E /* pre-receive.sample */; };
		86918DE21907FE460E184549 /* CalorieViewModel.swift in Sources */ = {isa = PBXBuildFile; fileRef = 26B8ABF797148343697BBC4D /* CalorieViewModel.swift */; };
		87D7D6F6B1964D8958AD8C3F /* push-to-checkout.sample in Resources */ = {isa = PBXBuildFile; fileRef = 600F003E23D775CB67E4941D /* push-to-checkout.sample */; };
		8C87E27847574DBE38D93135 /* pre-applypatch.sample in Resources */ = {isa = PBXBuildFile; fileRef = 3BAD0A6C6F026C47CBF45C44 /* pre-applypatch.sample */; };
		9193BFF3FEED7D5E0C086BE4 /* ProgressRingView.swift in Sources */ = {isa = PBXBuildFile; fileRef = 591C207D42F6A2CA99091EF9 /* ProgressRingView.swift */; };
		93AAA7D22F8C44D154487A91 /* LocalizationService.swift in Sources */ = {isa = PBXBuildFile; fileRef = 19ED916418C7DB6621B9E08D /* LocalizationService.swift */; };
		9714A55718C501857E9651AC /* SettingsView.swift in Sources */ = {isa = PBXBuildFile; fileRef = 9EA725CE1B06B02643FA0975 /* SettingsView.swift */; };
		9773057B2AAAFDB9A5B59E02 /* Localizable.strings in Resources */ = {isa = PBXBuildFile; fileRef = 8AA4A9579621B4E3A3484A99 /* Localizable.strings */; };
		9933085E4E6AAF5DE365EB8A /* WorkflowTests.swift in Sources */ = {isa = PBXBuildFile; fileRef = 71B3AEC942EA8CF8DA12656C /* WorkflowTests.swift */; };
		9A54063951F933DCCEEAD7D0 /* commit-msg.sample in Resources */ = {isa = PBXBuildFile; fileRef = 375D875A39CC3BA951B9D072 /* commit-msg.sample */; };
		9FBB59B571879A8122669E1E /* ActivityCardView.swift in Sources */ = {isa = PBXBuildFile; fileRef = D274A5AA9FCF58232AB74423 /* ActivityCardView.swift */; };
		A0DBA1DFC7A6F02BAC2D48D8 /* ScheduleTemplate.swift in Sources */ = {isa = PBXBuildFile; fileRef = C8795ABE89498E849BD0F8B3 /* ScheduleTemplate.swift */; };
		A7742C715A8720A4E18B6F73 /* Date+Extensions.swift in Sources */ = {isa = PBXBuildFile; fileRef = 741C0AF68845A1A2FD795FE7 /* Date+Extensions.swift */; };
		AD5BBA90F512076EF7E229FE /* WeeklyCalendarView.swift in Sources */ = {isa = PBXBuildFile; fileRef = 9BD9725CA078EDE68E35EC77 /* WeeklyCalendarView.swift */; };
		B1B7756E22BA1E00BBFFC7B0 /* Constants.swift in Sources */ = {isa = PBXBuildFile; fileRef = 046297A8FC6BBBB1E18665E7 /* Constants.swift */; };
		B547AE5417CB393BBC949138 /* View+Extensions.swift in Sources */ = {isa = PBXBuildFile; fileRef = A8638E5FABE8006779958444 /* View+Extensions.swift */; };
		BA5AA42EA3CAD97F0C91332A /* DashboardView.swift in Sources */ = {isa = PBXBuildFile; fileRef = 46BAF1A09E80FE6861149159 /* DashboardView.swift */; };
		C640D65C279FD33919D390CA /* EvidencePhoto.swift in Sources */ = {isa = PBXBuildFile; fileRef = C07E08D11A29AF7A5D9717C7 /* EvidencePhoto.swift */; };
		C87C3381DEB4B3347DFF9789 /* WeeklyCalendarViewModel.swift in Sources */ = {isa = PBXBuildFile; fileRef = 5C4AF511824D3632DC10CCE5 /* WeeklyCalendarViewModel.swift */; };
		DA5FA15D2FBBBB969FE337DD /* update.sample in Resources */ = {isa = PBXBuildFile; fileRef = 6FD461830C2CBBE7D60550F4 /* update.sample */; };
		DC8F8EEACC4A729B0DB97171 /* post-update.sample in Resources */ = {isa = PBXBuildFile; fileRef = 45271CE6C64E82E5508FD2CA /* post-update.sample */; };
		DE11ECECAD088AF8C042DBAA /* sendemail-validate.sample in Resources */ = {isa = PBXBuildFile; fileRef = C061C9130981FCB32F675B18 /* sendemail-validate.sample */; };
		E31C2F68D044411B22231D81 /* NotificationService.swift in Sources */ = {isa = PBXBuildFile; fileRef = CD4B70A31C7C921223A1C52A /* NotificationService.swift */; };
		F10366B35F053C1E0EDA56F4 /* StatisticsCache.swift in Sources */ = {isa = PBXBuildFile; fileRef = 6E409AF941C2197E56FA3B37 /* StatisticsCache.swift */; };
		F406C209316D7CDB9B4172E1 /* DataSeeder.swift in Sources */ = {isa = PBXBuildFile; fileRef = BCADB178B961267A4DCA78DD /* DataSeeder.swift */; };
		F91A327C68D180A4717E812B /* TimelineItemView.swift in Sources */ = {isa = PBXBuildFile; fileRef = D8FEF21DF3F5EB571318F19D /* TimelineItemView.swift */; };
		FD02C5CBE3BBBE5AA12E61D6 /* pre-commit.sample in Resources */ = {isa = PBXBuildFile; fileRef = B758336005192B7634D61CFC /* pre-commit.sample */; };
		FE638BE824F15F716AEBD8C2 /* MainTabView.swift in Sources */ = {isa = PBXBuildFile; fileRef = E588274184215E9B4C1A4C77 /* MainTabView.swift */; };
/* End PBXBuildFile section */

/* Begin PBXContainerItemProxy section */
		22362A43E7FEB03D37C5B041 /* PBXContainerItemProxy */ = {
			isa = PBXContainerItemProxy;
			containerPortal = 70C6E364ACD665C0804EAA4A /* Project object */;
			proxyType = 1;
			remoteGlobalIDString = 8C4D877AE1A9C55340048625;
			remoteInfo = DailyRoutine;
		};
/* End PBXContainerItemProxy section */

/* Begin PBXFileReference section */
		01F57C82726BDBC25C3613B1 /* exclude */ = {isa = PBXFileReference; path = exclude; sourceTree = "<group>"; };
		02031C1A389B79DF74E11BF8 /* d2df75596b807f96a47fa962d71d274d24966d */ = {isa = PBXFileReference; path = d2df75596b807f96a47fa962d71d274d24966d; sourceTree = "<group>"; };
		02EA9F2B1D1004E23A00FF5B /* description */ = {isa = PBXFileReference; path = description; sourceTree = "<group>"; };
		046297A8FC6BBBB1E18665E7 /* Constants.swift */ = {isa = PBXFileReference; lastKnownFileType = sourcecode.swift; path = Constants.swift; sourceTree = "<group>"; };
		069CABA42DA2BCC0D69C7824 /* 4edc5f1fb7cb078ac426325cff7980ba49e532 */ = {isa = PBXFileReference; path = 4edc5f1fb7cb078ac426325cff7980ba49e532; sourceTree = "<group>"; };
		07774578508468D5D38C9A25 /* 50675391b3a33f117f0253a7a0f1daf0501e30 */ = {isa = PBXFileReference; path = 50675391b3a33f117f0253a7a0f1daf0501e30; sourceTree = "<group>"; };
		0D412192029D3B9178ADD903 /* 9864f0854e20b46d6b773d65cb4122cf98cc13 */ = {isa = PBXFileReference; path = 9864f0854e20b46d6b773d65cb4122cf98cc13; sourceTree = "<group>"; };
		0E4778CB74B51529609C1139 /* ActivityCategory.swift */ = {isa = PBXFileReference; lastKnownFileType = sourcecode.swift; path = ActivityCategory.swift; sourceTree = "<group>"; };
		0EF6032790AB507358846594 /* b6184c71e80ddc6bfd3f6278b892d9d2ba6997 */ = {isa = PBXFileReference; path = b6184c71e80ddc6bfd3f6278b892d9d2ba6997; sourceTree = "<group>"; };
		118B9570D65CA7134C660383 /* 050053d686eb3b0031bd8e3894230d5758bce8 */ = {isa = PBXFileReference; path = 050053d686eb3b0031bd8e3894230d5758bce8; sourceTree = "<group>"; };
		11D3E43CCEBA11BEE780B6BB /* ActivityDetailView.swift */ = {isa = PBXFileReference; lastKnownFileType = sourcecode.swift; path = ActivityDetailView.swift; sourceTree = "<group>"; };
		127C5A312CA08DA505B2BC50 /* 49e13fb1bc9cbc1476c6c818a76ae159dacbbe */ = {isa = PBXFileReference; path = 49e13fb1bc9cbc1476c6c818a76ae159dacbbe; sourceTree = "<group>"; };
		15501E296147976A6CF47569 /* CalorieView.swift */ = {isa = PBXFileReference; lastKnownFileType = sourcecode.swift; path = CalorieView.swift; sourceTree = "<group>"; };
		179B6228C917063C24188357 /* SettingsViewModel.swift */ = {isa = PBXFileReference; lastKnownFileType = sourcecode.swift; path = SettingsViewModel.swift; sourceTree = "<group>"; };
		179D69E3B5805B436F8EC603 /* Reminder.swift */ = {isa = PBXFileReference; lastKnownFileType = sourcecode.swift; path = Reminder.swift; sourceTree = "<group>"; };
		194553546E04D07DF1DFB89E /* 988e76a416cf12782e6852f64ebc89d8d30dab */ = {isa = PBXFileReference; path = 988e76a416cf12782e6852f64ebc89d8d30dab; sourceTree = "<group>"; };
		19ED916418C7DB6621B9E08D /* LocalizationService.swift */ = {isa = PBXFileReference; lastKnownFileType = sourcecode.swift; path = LocalizationService.swift; sourceTree = "<group>"; };
		19EE9E5B697791CC3A6224F0 /* QuickActionsView.swift */ = {isa = PBXFileReference; lastKnownFileType = sourcecode.swift; path = QuickActionsView.swift; sourceTree = "<group>"; };
		19F484AC5635100C1E42ABB2 /* 538b5734b3a08390f9f67c8eab460ea1cfc2a6 */ = {isa = PBXFileReference; path = 538b5734b3a08390f9f67c8eab460ea1cfc2a6; sourceTree = "<group>"; };
		22409D6624FDB8A1C570B25F /* e8efd626a3079effe1070e6be8988eb832319a */ = {isa = PBXFileReference; path = e8efd626a3079effe1070e6be8988eb832319a; sourceTree = "<group>"; };
		2260AD1CC64F6AB822911A2B /* 56c473fa92fed756ab35f1a75f4ba171f7f78b */ = {isa = PBXFileReference; path = 56c473fa92fed756ab35f1a75f4ba171f7f78b; sourceTree = "<group>"; };
		229D0087498557F0FCF6624E /* 0a21dd0aec4e4a6f5152c616c7763faec0d3da */ = {isa = PBXFileReference; path = 0a21dd0aec4e4a6f5152c616c7763faec0d3da; sourceTree = "<group>"; };
		23DF0CF1DE7BAD07CA91480E /* 1244109da1de83fb88aa6b5fef90acca5e7b0e */ = {isa = PBXFileReference; path = 1244109da1de83fb88aa6b5fef90acca5e7b0e; sourceTree = "<group>"; };
		240A9D59D751CF1104B39B93 /* a85f23561c517b25949627876ed255bd98b68f */ = {isa = PBXFileReference; path = a85f23561c517b25949627876ed255bd98b68f; sourceTree = "<group>"; };
		256781D9E40981FEF6239C23 /* 9434a6254f0e9651f402737811be6634a03e9c */ = {isa = PBXFileReference; path = 9434a6254f0e9651f402737811be6634a03e9c; sourceTree = "<group>"; };
		26B8ABF797148343697BBC4D /* CalorieViewModel.swift */ = {isa = PBXFileReference; lastKnownFileType = sourcecode.swift; path = CalorieViewModel.swift; sourceTree = "<group>"; };
		277138FF7EAA89E48B9243EA /* d2b13150468db08911314b406b4c9a40f75731 */ = {isa = PBXFileReference; path = d2b13150468db08911314b406b4c9a40f75731; sourceTree = "<group>"; };
		2A89CF11287D4DD1F5B871AE /* DailyRoutine.app */ = {isa = PBXFileReference; includeInIndex = 0; lastKnownFileType = wrapper.application; path = DailyRoutine.app; sourceTree = BUILT_PRODUCTS_DIR; };
		2B01C77CCB5F1AA3E92893D5 /* DailyTimelineView.swift */ = {isa = PBXFileReference; lastKnownFileType = sourcecode.swift; path = DailyTimelineView.swift; sourceTree = "<group>"; };
		2BAC2D824008F53FCECF5A33 /* cb6982064ecf77ce773ad75148a25fbc3ac287 */ = {isa = PBXFileReference; path = cb6982064ecf77ce773ad75148a25fbc3ac287; sourceTree = "<group>"; };
		2C1E4E161E56C060EEE60858 /* 1fffd8265a0ac2f198fb642562d63837332019 */ = {isa = PBXFileReference; path = 1fffd8265a0ac2f198fb642562d63837332019; sourceTree = "<group>"; };
		311FCA9446A9A0836978311D /* 17626282a0472336fa2cd2c9b7c75184beb0f4 */ = {isa = PBXFileReference; path = 17626282a0472336fa2cd2c9b7c75184beb0f4; sourceTree = "<group>"; };
		35529AF0F27EB7FA80F4DEF5 /* c56b66647855c4758675c5597d1b7d2ac56eab */ = {isa = PBXFileReference; path = c56b66647855c4758675c5597d1b7d2ac56eab; sourceTree = "<group>"; };
		3629EC5F46617F3C3DD32874 /* dfb6831fedb322a6611d272f825a03f2f13ce5 */ = {isa = PBXFileReference; path = dfb6831fedb322a6611d272f825a03f2f13ce5; sourceTree = "<group>"; };
		36BFE0DD67091712B5404200 /* ScheduleService.swift */ = {isa = PBXFileReference; lastKnownFileType = sourcecode.swift; path = ScheduleService.swift; sourceTree = "<group>"; };
		375D875A39CC3BA951B9D072 /* commit-msg.sample */ = {isa = PBXFileReference; path = "commit-msg.sample"; sourceTree = "<group>"; };
		3B4551DAAA41CADA0FED0EC7 /* DailySchedule.swift */ = {isa = PBXFileReference; lastKnownFileType = sourcecode.swift; path = DailySchedule.swift; sourceTree = "<group>"; };
		3BAD0A6C6F026C47CBF45C44 /* pre-applypatch.sample */ = {isa = PBXFileReference; path = "pre-applypatch.sample"; sourceTree = "<group>"; };
		3C4DC5F811783707BA3E3BDE /* MiniPlayerView.swift */ = {isa = PBXFileReference; lastKnownFileType = sourcecode.swift; path = MiniPlayerView.swift; sourceTree = "<group>"; };
		405601CDDF0B76300EC07B9E /* 575d49820e1384e6d73836d7d3376be77c3426 */ = {isa = PBXFileReference; path = 575d49820e1384e6d73836d7d3376be77c3426; sourceTree = "<group>"; };
		41B3DD9FFD3AF1F36F41F197 /* 9b84f2c9079f93e1b65ca39d6f5b07e3670d3b */ = {isa = PBXFileReference; path = 9b84f2c9079f93e1b65ca39d6f5b07e3670d3b; sourceTree = "<group>"; };
		423D42464C0B298C5EFE2B09 /* f9a11d0f89feceb591e5184b860650bc1c4e4c */ = {isa = PBXFileReference; path = f9a11d0f89feceb591e5184b860650bc1c4e4c; sourceTree = "<group>"; };
		42C4151E6F8FF4DEFDA6C03E /* ec4d3914d8b33cfdf885abe6b13c70a4a280a6 */ = {isa = PBXFileReference; path = ec4d3914d8b33cfdf885abe6b13c70a4a280a6; sourceTree = "<group>"; };
		43C1F93C5CDF44D9100CC0BB /* fd0fcdb5e79d2e48a6d657c35d57860805ea9a */ = {isa = PBXFileReference; path = fd0fcdb5e79d2e48a6d657c35d57860805ea9a; sourceTree = "<group>"; };
		4468A18B14592543D1948B0A /* 113306ffb7b7879fca681292e50d96b92e30e1 */ = {isa = PBXFileReference; path = 113306ffb7b7879fca681292e50d96b92e30e1; sourceTree = "<group>"; };
		45271CE6C64E82E5508FD2CA /* post-update.sample */ = {isa = PBXFileReference; path = "post-update.sample"; sourceTree = "<group>"; };
		46BAF1A09E80FE6861149159 /* DashboardView.swift */ = {isa = PBXFileReference; lastKnownFileType = sourcecode.swift; path = DashboardView.swift; sourceTree = "<group>"; };
		4ADB8605FC8BEBAFC0FD2EE9 /* 3ab85682c64464824733aabdd268078425ce9a */ = {isa = PBXFileReference; path = 3ab85682c64464824733aabdd268078425ce9a; sourceTree = "<group>"; };
		4C6A62546FDEF4BA4C38AA9D /* fb032c57eb3dad8cf1d9c1e850285d62771d84 */ = {isa = PBXFileReference; path = fb032c57eb3dad8cf1d9c1e850285d62771d84; sourceTree = "<group>"; };
		4FA7CC09F6B5E380011304FB /* MediaControlService.swift */ = {isa = PBXFileReference; lastKnownFileType = sourcecode.swift; path = MediaControlService.swift; sourceTree = "<group>"; };
		50509B0350CDB7412637EFAC /* 1cb27599c1989565427adc1c91557aac2cad0a */ = {isa = PBXFileReference; path = 1cb27599c1989565427adc1c91557aac2cad0a; sourceTree = "<group>"; };
		51541FAE4EBC2B14AC564036 /* main */ = {isa = PBXFileReference; path = main; sourceTree = "<group>"; };
		55A4E69B871AB84C1C125987 /* 0b64673cb47e223dd523e4247ef7e9e3328b8c */ = {isa = PBXFileReference; path = 0b64673cb47e223dd523e4247ef7e9e3328b8c; sourceTree = "<group>"; };
		56EB4225C830AE119220FA17 /* 5bfc62e3b4214b97d69a501e7574e30a8f24d6 */ = {isa = PBXFileReference; path = 5bfc62e3b4214b97d69a501e7574e30a8f24d6; sourceTree = "<group>"; };
		5721A46B4190383DF151FBD9 /* 36d7c996a3d2b8c1733cc6770eee102811e277 */ = {isa = PBXFileReference; path = 36d7c996a3d2b8c1733cc6770eee102811e277; sourceTree = "<group>"; };
		58DDF26F54F333CA36EC243B /* 37827b26a0e3c98362dfcbbab609ab474d9fff */ = {isa = PBXFileReference; path = 37827b26a0e3c98362dfcbbab609ab474d9fff; sourceTree = "<group>"; };
		591C207D42F6A2CA99091EF9 /* ProgressRingView.swift */ = {isa = PBXFileReference; lastKnownFileType = sourcecode.swift; path = ProgressRingView.swift; sourceTree = "<group>"; };
		5ADC8F4B571268A38A9FDAA7 /* applypatch-msg.sample */ = {isa = PBXFileReference; path = "applypatch-msg.sample"; sourceTree = "<group>"; };
		5AEC3F7BF50EA3E2E80B3A04 /* 3c9a0d6c340e682c18269c144e02a946339c80 */ = {isa = PBXFileReference; path = 3c9a0d6c340e682c18269c144e02a946339c80; sourceTree = "<group>"; };
		5B4E761BAFB0017B34E75B5D /* f03e6656ce71e276dd13b42308c186502d9633 */ = {isa = PBXFileReference; path = f03e6656ce71e276dd13b42308c186502d9633; sourceTree = "<group>"; };
		5C4AF511824D3632DC10CCE5 /* WeeklyCalendarViewModel.swift */ = {isa = PBXFileReference; lastKnownFileType = sourcecode.swift; path = WeeklyCalendarViewModel.swift; sourceTree = "<group>"; };
		5D44BBEC9DF709B2A32DEDF6 /* TimerService.swift */ = {isa = PBXFileReference; lastKnownFileType = sourcecode.swift; path = TimerService.swift; sourceTree = "<group>"; };
		5DF13CEA623A709E0C1DC1BD /* HEAD */ = {isa = PBXFileReference; path = HEAD; sourceTree = "<group>"; };
		5FAD7F1E355A793ED3C79F64 /* 3b6d6dbe30dc3a016a66096b268cffb95f1033 */ = {isa = PBXFileReference; path = 3b6d6dbe30dc3a016a66096b268cffb95f1033; sourceTree = "<group>"; };
		600F003E23D775CB67E4941D /* push-to-checkout.sample */ = {isa = PBXFileReference; path = "push-to-checkout.sample"; sourceTree = "<group>"; };
		63780557CA2291D47BA54379 /* index */ = {isa = PBXFileReference; path = index; sourceTree = "<group>"; };
		646ED1BA4951796A92B8EA32 /* 613e3ee1a9348462a11a77a619faa808a346eb */ = {isa = PBXFileReference; path = 613e3ee1a9348462a11a77a619faa808a346eb; sourceTree = "<group>"; };
		65B2FA6F8B4E5ED895B950ED /* CalorieEntry.swift */ = {isa = PBXFileReference; lastKnownFileType = sourcecode.swift; path = CalorieEntry.swift; sourceTree = "<group>"; };
		65F03F88BEBA9484B0984AF6 /* 47574457ec5bcc9b6b576e3bb3f2e6a7902369 */ = {isa = PBXFileReference; path = 47574457ec5bcc9b6b576e3bb3f2e6a7902369; sourceTree = "<group>"; };
		6618400E47A5C78F73D2EC34 /* 7b8b8da8a87eff54444b80a0b4e75acc48c843 */ = {isa = PBXFileReference; path = 7b8b8da8a87eff54444b80a0b4e75acc48c843; sourceTree = "<group>"; };
		682AB3DB41204D8E2524B914 /* 28f3b538cf0abeacd6cf186dfc29d243d208f5 */ = {isa = PBXFileReference; path = 28f3b538cf0abeacd6cf186dfc29d243d208f5; sourceTree = "<group>"; };
		685D2149BA927CC8DED1B687 /* 310c99548878fdf56cbb0dcaf93488b295d6b5 */ = {isa = PBXFileReference; path = 310c99548878fdf56cbb0dcaf93488b295d6b5; sourceTree = "<group>"; };
		6B4EA4B04C70ED394C972A5E /* 701d67054f0056a62ca62211666a48bef9d937 */ = {isa = PBXFileReference; path = 701d67054f0056a62ca62211666a48bef9d937; sourceTree = "<group>"; };
		6C11E0A1C57B1FF2A4900768 /* 01078a648a9fd2717881e03826b192ec7cfcd7 */ = {isa = PBXFileReference; path = 01078a648a9fd2717881e03826b192ec7cfcd7; sourceTree = "<group>"; };
		6E409AF941C2197E56FA3B37 /* StatisticsCache.swift */ = {isa = PBXFileReference; lastKnownFileType = sourcecode.swift; path = StatisticsCache.swift; sourceTree = "<group>"; };
		6E5E549C6D10C0E21DC81924 /* HEAD */ = {isa = PBXFileReference; path = HEAD; sourceTree = "<group>"; };
		6FD461830C2CBBE7D60550F4 /* update.sample */ = {isa = PBXFileReference; path = update.sample; sourceTree = "<group>"; };
		71B3AEC942EA8CF8DA12656C /* WorkflowTests.swift */ = {isa = PBXFileReference; lastKnownFileType = sourcecode.swift; path = WorkflowTests.swift; sourceTree = "<group>"; };
		741C0AF68845A1A2FD795FE7 /* Date+Extensions.swift */ = {isa = PBXFileReference; lastKnownFileType = sourcecode.swift; path = "Date+Extensions.swift"; sourceTree = "<group>"; };
		75367314FFE007EAF997C8D6 /* 69b78eee51f6ef1e69d51b279d4915c0cb2f3c */ = {isa = PBXFileReference; path = 69b78eee51f6ef1e69d51b279d4915c0cb2f3c; sourceTree = "<group>"; };
		775C264772D372F93B896C5F /* main */ = {isa = PBXFileReference; path = main; sourceTree = "<group>"; };
		7AD2F303D4E32024515B3C10 /* prepare-commit-msg.sample */ = {isa = PBXFileReference; path = "prepare-commit-msg.sample"; sourceTree = "<group>"; };
		7B7BA850EBE7072366073CFE /* 654613b98a9fa6ffa3c98461af025015f3c694 */ = {isa = PBXFileReference; path = 654613b98a9fa6ffa3c98461af025015f3c694; sourceTree = "<group>"; };
		7C53B05F0979A322E546D075 /* zh-Hans */ = {isa = PBXFileReference; lastKnownFileType = text.plist.strings; name = "zh-Hans"; path = "zh-Hans.lproj/Localizable.strings"; sourceTree = "<group>"; };
		7ED710AC15FC2A79E06B6063 /* 502fd6838378a99e88af833336ff317aadb58a */ = {isa = PBXFileReference; path = 502fd6838378a99e88af833336ff317aadb58a; sourceTree = "<group>"; };
		7F629FBAE8AC318C2233B0CE /* 986be502e339c0fba49eb293c6d2abfc14ec69 */ = {isa = PBXFileReference; path = 986be502e339c0fba49eb293c6d2abfc14ec69; sourceTree = "<group>"; };
		842A0594277CFEC101F5B331 /* e6211134c61d92e2fa8ca946c6c1de92d69e29 */ = {isa = PBXFileReference; path = e6211134c61d92e2fa8ca946c6c1de92d69e29; sourceTree = "<group>"; };
		8918AA85D79E881FEE87CA93 /* 3cfa7dd9f4338d3262418be72d96980c6ae969 */ = {isa = PBXFileReference; path = 3cfa7dd9f4338d3262418be72d96980c6ae969; sourceTree = "<group>"; };
		8A56D02AA33184A64E27B268 /* c19cc17a1d6452956495c8f392c3673f08a9eb */ = {isa = PBXFileReference; path = c19cc17a1d6452956495c8f392c3673f08a9eb; sourceTree = "<group>"; };
		8AD1282E9CE4DB32B9F1950E /* 0da0d7da9856e3ed248f023bde3c756945a925 */ = {isa = PBXFileReference; path = 0da0d7da9856e3ed248f023bde3c756945a925; sourceTree = "<group>"; };
		8DC1EBD45CCCFD42A9C5F61D /* pre-merge-commit.sample */ = {isa = PBXFileReference; path = "pre-merge-commit.sample"; sourceTree = "<group>"; };
		8F02CD0C21C4424891536487 /* c00596a7fca3f3d4bdd64053b69d86745f9e10 */ = {isa = PBXFileReference; path = c00596a7fca3f3d4bdd64053b69d86745f9e10; sourceTree = "<group>"; };
		90FD19A2883B16F7435B4B6D /* 9feac8cd9b6a85b963d1f83430ca33f35f29f4 */ = {isa = PBXFileReference; path = 9feac8cd9b6a85b963d1f83430ca33f35f29f4; sourceTree = "<group>"; };
		929422CD144C2B639D5DCAB8 /* ddc396bcb6a25cc8d9fdb0d6316e8d52cfc005 */ = {isa = PBXFileReference; path = ddc396bcb6a25cc8d9fdb0d6316e8d52cfc005; sourceTree = "<group>"; };
		955C4E19FC1D9643081D54EC /* 50b69e121ec4a89a14c677729bfcf0c8f2cda1 */ = {isa = PBXFileReference; path = 50b69e121ec4a89a14c677729bfcf0c8f2cda1; sourceTree = "<group>"; };
		96DEC5CC6238092A1C118BBD /* DashboardViewModel.swift */ = {isa = PBXFileReference; lastKnownFileType = sourcecode.swift; path = DashboardViewModel.swift; sourceTree = "<group>"; };
		97DCC9D4F2F0C0FDAE2CEC74 /* b00545999e5035a7c6a34cfe5911c36c5b12eb */ = {isa = PBXFileReference; path = b00545999e5035a7c6a34cfe5911c36c5b12eb; sourceTree = "<group>"; };
		987DEFB7FA53091A78EB054E /* HeatmapView.swift */ = {isa = PBXFileReference; lastKnownFileType = sourcecode.swift; path = HeatmapView.swift; sourceTree = "<group>"; };
		99BFA5379EA461873ED02BCF /* 31f74d461fa4e1d5aa29d7c5370f65744537e7 */ = {isa = PBXFileReference; path = 31f74d461fa4e1d5aa29d7c5370f65744537e7; sourceTree = "<group>"; };
		9B809F8FECFE9AB4680A92A0 /* 8dbdd38f4f1571b475e376842bae79122cd06d */ = {isa = PBXFileReference; path = 8dbdd38f4f1571b475e376842bae79122cd06d; sourceTree = "<group>"; };
		9BD9725CA078EDE68E35EC77 /* WeeklyCalendarView.swift */ = {isa = PBXFileReference; lastKnownFileType = sourcecode.swift; path = WeeklyCalendarView.swift; sourceTree = "<group>"; };
		9D8F480984547C6654D1585C /* pre-rebase.sample */ = {isa = PBXFileReference; path = "pre-rebase.sample"; sourceTree = "<group>"; };
		9D9F941840E61692FBA96F69 /* UIUXTests.swift */ = {isa = PBXFileReference; lastKnownFileType = sourcecode.swift; path = UIUXTests.swift; sourceTree = "<group>"; };
		9E757580F2BD81CE75B0B7F2 /* 289c979e218f5994d53aef5c1c34c40f50697d */ = {isa = PBXFileReference; path = 289c979e218f5994d53aef5c1c34c40f50697d; sourceTree = "<group>"; };
		9EA725CE1B06B02643FA0975 /* SettingsView.swift */ = {isa = PBXFileReference; lastKnownFileType = sourcecode.swift; path = SettingsView.swift; sourceTree = "<group>"; };
		A1EC360585FE8040FDA8FAA6 /* 7361f1595cd2e046bcaca45a269c4b78a406f6 */ = {isa = PBXFileReference; path = 7361f1595cd2e046bcaca45a269c4b78a406f6; sourceTree = "<group>"; };
		A3169FBDC98A7E82996EE60A /* CheckInRecord.swift */ = {isa = PBXFileReference; lastKnownFileType = sourcecode.swift; path = CheckInRecord.swift; sourceTree = "<group>"; };
		A7B92BA8A6186A7201B20A21 /* AnalyticsView.swift */ = {isa = PBXFileReference; lastKnownFileType = sourcecode.swift; path = AnalyticsView.swift; sourceTree = "<group>"; };
		A8638E5FABE8006779958444 /* View+Extensions.swift */ = {isa = PBXFileReference; lastKnownFileType = sourcecode.swift; path = "View+Extensions.swift"; sourceTree = "<group>"; };
		AB8FE41CD6377A3FD1F14242 /* 11a8fd4cf50579d4e0ad41cea7be954983c6d6 */ = {isa = PBXFileReference; path = 11a8fd4cf50579d4e0ad41cea7be954983c6d6; sourceTree = "<group>"; };
		AE68D96399D9C3F0B1DB04B2 /* c6694c6601e79357621bd6598a896d3bb2ca88 */ = {isa = PBXFileReference; path = c6694c6601e79357621bd6598a896d3bb2ca88; sourceTree = "<group>"; };
		B079DCB69DA990775F2883F6 /* 1b45f24d61549ef1cae11ff09841ac7ca9a94b */ = {isa = PBXFileReference; path = 1b45f24d61549ef1cae11ff09841ac7ca9a94b; sourceTree = "<group>"; };
		B3EFD58093918A01972BF725 /* 5b700a56eb872c8465290ce3ff319d3638bb02 */ = {isa = PBXFileReference; path = 5b700a56eb872c8465290ce3ff319d3638bb02; sourceTree = "<group>"; };
		B3FC1900FB8E63319614BAD9 /* d5e59964f494ee5f1efa7fb6a713f4628a9ed6 */ = {isa = PBXFileReference; path = d5e59964f494ee5f1efa7fb6a713f4628a9ed6; sourceTree = "<group>"; };
		B7383432C9C874D2A285A915 /* CurrentActivityCard.swift */ = {isa = PBXFileReference; lastKnownFileType = sourcecode.swift; path = CurrentActivityCard.swift; sourceTree = "<group>"; };
		B758336005192B7634D61CFC /* pre-commit.sample */ = {isa = PBXFileReference; path = "pre-commit.sample"; sourceTree = "<group>"; };
		B805E5297BC7C0C630464291 /* c616bb01e5ab9a7b751da5b65b55862c88fb1f */ = {isa = PBXFileReference; path = c616bb01e5ab9a7b751da5b65b55862c88fb1f; sourceTree = "<group>"; };
		B962BAF48BF7AA7A5466FB8D /* bcba9ac28a871ff3bdd493a6514c86b8f48e0c */ = {isa = PBXFileReference; path = bcba9ac28a871ff3bdd493a6514c86b8f48e0c; sourceTree = "<group>"; };
		B982EC5165BCFBC5B82FFCFB /* main */ = {isa = PBXFileReference; path = main; sourceTree = "<group>"; };
		B9AD25FB6F2CF86705DDB444 /* ActivityHistoryView.swift */ = {isa = PBXFileReference; lastKnownFileType = sourcecode.swift; path = ActivityHistoryView.swift; sourceTree = "<group>"; };
		BB741DBB10C357DD8A0E6A36 /* ea0f896e5cfee8f0d6bc6d3f3a67e3e65ce09b */ = {isa = PBXFileReference; path = ea0f896e5cfee8f0d6bc6d3f3a67e3e65ce09b; sourceTree = "<group>"; };
		BC58282EB910343B0ECB843E /* DatabaseTests.swift */ = {isa = PBXFileReference; lastKnownFileType = sourcecode.swift; path = DatabaseTests.swift; sourceTree = "<group>"; };
		BCADB178B961267A4DCA78DD /* DataSeeder.swift */ = {isa = PBXFileReference; lastKnownFileType = sourcecode.swift; path = DataSeeder.swift; sourceTree = "<group>"; };
		BD168A8526C7F5DBE92C313E /* CameraView.swift */ = {isa = PBXFileReference; lastKnownFileType = sourcecode.swift; path = CameraView.swift; sourceTree = "<group>"; };
		BDBFF8B69BC18C338BA3E019 /* BackendTests.swift */ = {isa = PBXFileReference; lastKnownFileType = sourcecode.swift; path = BackendTests.swift; sourceTree = "<group>"; };
		BEC7FE2257B188872E602AC1 /* UpcomingActivityCard.swift */ = {isa = PBXFileReference; lastKnownFileType = sourcecode.swift; path = UpcomingActivityCard.swift; sourceTree = "<group>"; };
		BEDF84BE8008ED6BC4741059 /* 89826f2c61b2c94f1fc47b546b6a66f684a0ce */ = {isa = PBXFileReference; path = 89826f2c61b2c94f1fc47b546b6a66f684a0ce; sourceTree = "<group>"; };
		BEEC760ED171F0270F19B7C0 /* d5b14cdfcc9396e9bcc0681e3b7fe1e526c6c9 */ = {isa = PBXFileReference; path = d5b14cdfcc9396e9bcc0681e3b7fe1e526c6c9; sourceTree = "<group>"; };
		C0515111A9B7800DEDB6F66E /* pre-receive.sample */ = {isa = PBXFileReference; path = "pre-receive.sample"; sourceTree = "<group>"; };
		C061C9130981FCB32F675B18 /* sendemail-validate.sample */ = {isa = PBXFileReference; path = "sendemail-validate.sample"; sourceTree = "<group>"; };
		C07E08D11A29AF7A5D9717C7 /* EvidencePhoto.swift */ = {isa = PBXFileReference; lastKnownFileType = sourcecode.swift; path = EvidencePhoto.swift; sourceTree = "<group>"; };
		C26FD0A9536FEE0C90C58C54 /* DailyRoutineTests.xctest */ = {isa = PBXFileReference; includeInIndex = 0; lastKnownFileType = wrapper.cfbundle; path = DailyRoutineTests.xctest; sourceTree = BUILT_PRODUCTS_DIR; };
		C5B4DE7D9550FBD3ACB45A5B /* 61c67c96e80b7de04bc17f1755ff11ea17c66c */ = {isa = PBXFileReference; path = 61c67c96e80b7de04bc17f1755ff11ea17c66c; sourceTree = "<group>"; };
		C5C49A46A5C5A9B7ACA9E426 /* 6416e647056e35a9704802aa13884577e8d3a2 */ = {isa = PBXFileReference; path = 6416e647056e35a9704802aa13884577e8d3a2; sourceTree = "<group>"; };
		C80C7AB5E2DB2E64D7999077 /* fsmonitor-watchman.sample */ = {isa = PBXFileReference; path = "fsmonitor-watchman.sample"; sourceTree = "<group>"; };
		C8795ABE89498E849BD0F8B3 /* ScheduleTemplate.swift */ = {isa = PBXFileReference; lastKnownFileType = sourcecode.swift; path = ScheduleTemplate.swift; sourceTree = "<group>"; };
		CA3205A0B338B0A1DDD3FF74 /* 38cc9187a54622bf8650242859059db9c799ba */ = {isa = PBXFileReference; path = 38cc9187a54622bf8650242859059db9c799ba; sourceTree = "<group>"; };
		CAAC2C108E675710B8D5EC53 /* vi */ = {isa = PBXFileReference; lastKnownFileType = text.plist.strings; name = vi; path = vi.lproj/Localizable.strings; sourceTree = "<group>"; };
		CAB2CA0F6BA9C6ACF5CB9ACB /* AnalyticsViewModel.swift */ = {isa = PBXFileReference; lastKnownFileType = sourcecode.swift; path = AnalyticsViewModel.swift; sourceTree = "<group>"; };
		CB0D6B934348567548DCE297 /* 2ed5c8bb8b72505ab6f286913226ccb03f74ff */ = {isa = PBXFileReference; path = 2ed5c8bb8b72505ab6f286913226ccb03f74ff; sourceTree = "<group>"; };
		CB77847EF0C77B14D16E1574 /* c9bc5f7a84b127dcd7435d7b15c57f9e5ffbeb */ = {isa = PBXFileReference; path = c9bc5f7a84b127dcd7435d7b15c57f9e5ffbeb; sourceTree = "<group>"; };
		CD4B70A31C7C921223A1C52A /* NotificationService.swift */ = {isa = PBXFileReference; lastKnownFileType = sourcecode.swift; path = NotificationService.swift; sourceTree = "<group>"; };
		CEA4295CDF31F99F0978B0F9 /* 2cc6b1196d8aef5f550fb87e93a7ad8b2cafc1 */ = {isa = PBXFileReference; path = 2cc6b1196d8aef5f550fb87e93a7ad8b2cafc1; sourceTree = "<group>"; };
		D05994766498E98820904483 /* a27fc611d0a948913d1c1ba52bb26d74643b1e */ = {isa = PBXFileReference; path = a27fc611d0a948913d1c1ba52bb26d74643b1e; sourceTree = "<group>"; };
		D0F0F5C74961EAF650E568F6 /* c70ab82364aa2040cc2784ae9f681607d945d4 */ = {isa = PBXFileReference; path = c70ab82364aa2040cc2784ae9f681607d945d4; sourceTree = "<group>"; };
		D1B6E389CB51FEBDF48966A0 /* TimelineViewModel.swift */ = {isa = PBXFileReference; lastKnownFileType = sourcecode.swift; path = TimelineViewModel.swift; sourceTree = "<group>"; };
		D274A5AA9FCF58232AB74423 /* ActivityCardView.swift */ = {isa = PBXFileReference; lastKnownFileType = sourcecode.swift; path = ActivityCardView.swift; sourceTree = "<group>"; };
		D4BB017ED18D1CA46D6F613D /* ActivityHistoryViewModel.swift */ = {isa = PBXFileReference; lastKnownFileType = sourcecode.swift; path = ActivityHistoryViewModel.swift; sourceTree = "<group>"; };
		D5218951C328BC5B350F2383 /* CalorieEntryForm.swift */ = {isa = PBXFileReference; lastKnownFileType = sourcecode.swift; path = CalorieEntryForm.swift; sourceTree = "<group>"; };
		D8FEF21DF3F5EB571318F19D /* TimelineItemView.swift */ = {isa = PBXFileReference; lastKnownFileType = sourcecode.swift; path = TimelineItemView.swift; sourceTree = "<group>"; };
		D9FA473B536FF90E0A1F2EFA /* main */ = {isa = PBXFileReference; path = main; sourceTree = "<group>"; };
		DBC2F0686674053B93B0908F /* 285980dba1037d4fc51cb3f470bae8c3fb3648 */ = {isa = PBXFileReference; path = 285980dba1037d4fc51cb3f470bae8c3fb3648; sourceTree = "<group>"; };
		DE22B50CDE65ED6F8A5F123D /* 411aed1a31c324c0ccc85b92a8a23077558fb0 */ = {isa = PBXFileReference; path = 411aed1a31c324c0ccc85b92a8a23077558fb0; sourceTree = "<group>"; };
		DF1A07292E8E12309A8B9228 /* d59d1790c3aa786c7d5de1095f1376233dfd2f */ = {isa = PBXFileReference; path = d59d1790c3aa786c7d5de1095f1376233dfd2f; sourceTree = "<group>"; };
		DF3AA9A7DD5AE4A3C198EFD8 /* ActivityLog.swift */ = {isa = PBXFileReference; lastKnownFileType = sourcecode.swift; path = ActivityLog.swift; sourceTree = "<group>"; };
		DFB45D037F12FCE3571145B5 /* pre-push.sample */ = {isa = PBXFileReference; path = "pre-push.sample"; sourceTree = "<group>"; };
		E015E9D5A1EDDD2615A4E34D /* 833f7a67598375d1e1c636381e8e3dec0a867a */ = {isa = PBXFileReference; path = 833f7a67598375d1e1c636381e8e3dec0a867a; sourceTree = "<group>"; };
		E1C7E41E8C37669D99EC2CFE /* e29a3b863b278b3bc1b34400101d1c8c3ea024 */ = {isa = PBXFileReference; path = e29a3b863b278b3bc1b34400101d1c8c3ea024; sourceTree = "<group>"; };
		E1E1FEA11E3F07B9DFD920B7 /* cfc58bced03be4d5ff3214cb1d21b14383a57c */ = {isa = PBXFileReference; path = cfc58bced03be4d5ff3214cb1d21b14383a57c; sourceTree = "<group>"; };
		E588274184215E9B4C1A4C77 /* MainTabView.swift */ = {isa = PBXFileReference; lastKnownFileType = sourcecode.swift; path = MainTabView.swift; sourceTree = "<group>"; };
		E7F7795606936D0F3E66D1A6 /* f1e3c6313737db393d42407ce80b2389501b14 */ = {isa = PBXFileReference; path = f1e3c6313737db393d42407ce80b2389501b14; sourceTree = "<group>"; };
		EC53491141F478644ACE3F75 /* d110119bdacd4b9977cff87797a62391491ada */ = {isa = PBXFileReference; path = d110119bdacd4b9977cff87797a62391491ada; sourceTree = "<group>"; };
		ED9C4832748AAC9FEDF3FFBF /* COMMIT_EDITMSG */ = {isa = PBXFileReference; path = COMMIT_EDITMSG; sourceTree = "<group>"; };
		ED9F82B773B3D77BCDE6E842 /* c1538306e9640115b75e03d92be49b1c6a0773 */ = {isa = PBXFileReference; path = c1538306e9640115b75e03d92be49b1c6a0773; sourceTree = "<group>"; };
		EDBC58DC50D02EB56B9C16C4 /* 2fb969059633b5cdc97736cd7a44ad2929af39 */ = {isa = PBXFileReference; path = 2fb969059633b5cdc97736cd7a44ad2929af39; sourceTree = "<group>"; };
		F0E9EE8185781BF70D9C6CD4 /* en */ = {isa = PBXFileReference; lastKnownFileType = text.plist.strings; name = en; path = en.lproj/Localizable.strings; sourceTree = "<group>"; };
		F2CD19FA47117A6C28E6AECE /* 6cd4ab6adea77848367cf756227669de61618d */ = {isa = PBXFileReference; path = 6cd4ab6adea77848367cf756227669de61618d; sourceTree = "<group>"; };
		F701000030440ABEE7B2A666 /* 0586b0891293bb5cee13e8361c5b9dfec2bf38 */ = {isa = PBXFileReference; path = 0586b0891293bb5cee13e8361c5b9dfec2bf38; sourceTree = "<group>"; };
		F77E3A27B49B4985F926EDE0 /* b3a3d8d2da04e54f723dcfc6354dcd047ab7ac */ = {isa = PBXFileReference; path = b3a3d8d2da04e54f723dcfc6354dcd047ab7ac; sourceTree = "<group>"; };
		F9FC8B3254725AE78B3DFDCF /* b0114b95bfb296f8cedfe9e226deeecd0fed02 */ = {isa = PBXFileReference; path = b0114b95bfb296f8cedfe9e226deeecd0fed02; sourceTree = "<group>"; };
		FA68E2F53DFD61CD37BACF48 /* 74939253e51dea41befc5f6674a64907030152 */ = {isa = PBXFileReference; path = 74939253e51dea41befc5f6674a64907030152; sourceTree = "<group>"; };
		FB6C26E809848BFB9BD39CB5 /* 2f400ad12216066fdb1f283a019f283de10dd6 */ = {isa = PBXFileReference; path = 2f400ad12216066fdb1f283a019f283de10dd6; sourceTree = "<group>"; };
		FB818F245421FF6CA8437FA9 /* TimerView.swift */ = {isa = PBXFileReference; lastKnownFileType = sourcecode.swift; path = TimerView.swift; sourceTree = "<group>"; };
		FF06875D498A5B60BA5D6663 /* c6dee6022e0fb18f8665e15b76fc6cb3028196 */ = {isa = PBXFileReference; path = c6dee6022e0fb18f8665e15b76fc6cb3028196; sourceTree = "<group>"; };
		FFBE0E4D5EC73FFBD6BA7F72 /* Color+Theme.swift */ = {isa = PBXFileReference; lastKnownFileType = sourcecode.swift; path = "Color+Theme.swift"; sourceTree = "<group>"; };
		FFE51A06836AFD94264C5E31 /* config */ = {isa = PBXFileReference; path = config; sourceTree = "<group>"; };
		"TEMP_14747AF2-FC08-44C8-8444-32FBC864C87B" /* .gitignore */ = {isa = PBXFileReference; path = .gitignore; sourceTree = "<group>"; };
		"TEMP_3DB2AE50-ECBE-4391-8322-611B7525180A" /* DailyRoutineApp.swift */ = {isa = PBXFileReference; lastKnownFileType = sourcecode.swift; path = DailyRoutineApp.swift; sourceTree = "<group>"; };
		"TEMP_4C4D6AA7-3D55-40E1-95A1-D53E7BF72535" /* README.md */ = {isa = PBXFileReference; lastKnownFileType = net.daringfireball.markdown; path = README.md; sourceTree = "<group>"; };
		"TEMP_C064C944-C965-45D6-86DD-A098A6F9E07F" /* Assets.xcassets */ = {isa = PBXFileReference; lastKnownFileType = folder.assetcatalog; path = Assets.xcassets; sourceTree = "<group>"; };
		"TEMP_D69E54F6-FB58-402E-A5ED-3C232885D918" /* build_and_test.sh */ = {isa = PBXFileReference; lastKnownFileType = text.script.sh; path = build_and_test.sh; sourceTree = "<group>"; };
/* End PBXFileReference section */

/* Begin PBXGroup section */
		015FE8BB381DCCF6FF47EE4C /* e7 */ = {
			isa = PBXGroup;
			children = (
				43C1F93C5CDF44D9100CC0BB /* fd0fcdb5e79d2e48a6d657c35d57860805ea9a */,
			);
			path = e7;
			sourceTree = "<group>";
		};
		022C9DF429CB4680F05C9600 /* f2 */ = {
			isa = PBXGroup;
			children = (
				55A4E69B871AB84C1C125987 /* 0b64673cb47e223dd523e4247ef7e9e3328b8c */,
			);
			path = f2;
			sourceTree = "<group>";
		};
		02662360D7C1E5A8FEE752BB /* 60 */ = {
			isa = PBXGroup;
			children = (
				AE68D96399D9C3F0B1DB04B2 /* c6694c6601e79357621bd6598a896d3bb2ca88 */,
			);
			path = 60;
			sourceTree = "<group>";
		};
		0471B41A2B681513A7ECD9A2 /* .git */ = {
			isa = PBXGroup;
			children = (
				ED9C4832748AAC9FEDF3FFBF /* COMMIT_EDITMSG */,
				FFE51A06836AFD94264C5E31 /* config */,
				02EA9F2B1D1004E23A00FF5B /* description */,
				5DF13CEA623A709E0C1DC1BD /* HEAD */,
				63780557CA2291D47BA54379 /* index */,
				23D904B99CBB47713259A379 /* hooks */,
				978D3D012BD7B331DDC9804E /* info */,
				21FD4473B29E24496DBA20C7 /* logs */,
				76022D700E56FAFCB2AD7295 /* objects */,
				FA913FBA2612FA70AFC4A6F5 /* refs */,
			);
			path = .git;
			sourceTree = "<group>";
		};
		124656C0ADBABB52A8C10B8A /* 77 */ = {
			isa = PBXGroup;
			children = (
				35529AF0F27EB7FA80F4DEF5 /* c56b66647855c4758675c5597d1b7d2ac56eab */,
			);
			path = 77;
			sourceTree = "<group>";
		};
		1826E24DDE55AF7AFE83D034 /* 48 */ = {
			isa = PBXGroup;
			children = (
				E1E1FEA11E3F07B9DFD920B7 /* cfc58bced03be4d5ff3214cb1d21b14383a57c */,
			);
			path = 48;
			sourceTree = "<group>";
		};
		1A33C3D408526BDEA4B2DEB3 /* e9 */ = {
			isa = PBXGroup;
			children = (
				EC53491141F478644ACE3F75 /* d110119bdacd4b9977cff87797a62391491ada */,
				E1C7E41E8C37669D99EC2CFE /* e29a3b863b278b3bc1b34400101d1c8c3ea024 */,
			);
			path = e9;
			sourceTree = "<group>";
		};
		1AAB1447B6BABDC431430D11 /* 7d */ = {
			isa = PBXGroup;
			children = (
				5721A46B4190383DF151FBD9 /* 36d7c996a3d2b8c1733cc6770eee102811e277 */,
			);
			path = 7d;
			sourceTree = "<group>";
		};
		1ABABF3491D599AE8A80DEF4 /* 61 */ = {
			isa = PBXGroup;
			children = (
				127C5A312CA08DA505B2BC50 /* 49e13fb1bc9cbc1476c6c818a76ae159dacbbe */,
			);
			path = 61;
			sourceTree = "<group>";
		};
		1C46FA60C774CC67D008D794 /* ca */ = {
			isa = PBXGroup;
			children = (
				22409D6624FDB8A1C570B25F /* e8efd626a3079effe1070e6be8988eb832319a */,
			);
			path = ca;
			sourceTree = "<group>";
		};
		1C61928A6074746316D8BBCF /* c0 */ = {
			isa = PBXGroup;
			children = (
				CB77847EF0C77B14D16E1574 /* c9bc5f7a84b127dcd7435d7b15c57f9e5ffbeb */,
				3629EC5F46617F3C3DD32874 /* dfb6831fedb322a6611d272f825a03f2f13ce5 */,
			);
			path = c0;
			sourceTree = "<group>";
		};
		1C6ADFE5C87882F68B906BB2 /* 94 */ = {
			isa = PBXGroup;
			children = (
				CB0D6B934348567548DCE297 /* 2ed5c8bb8b72505ab6f286913226ccb03f74ff */,
				DF1A07292E8E12309A8B9228 /* d59d1790c3aa786c7d5de1095f1376233dfd2f */,
			);
			path = 94;
			sourceTree = "<group>";
		};
		1F0AF19070875AA2C0C2A9C9 /* f0 */ = {
			isa = PBXGroup;
			children = (
				F9FC8B3254725AE78B3DFDCF /* b0114b95bfb296f8cedfe9e226deeecd0fed02 */,
			);
			path = f0;
			sourceTree = "<group>";
		};
		207F8AE54D127954EE55703B /* Settings */ = {
			isa = PBXGroup;
			children = (
				9EA725CE1B06B02643FA0975 /* SettingsView.swift */,
			);
			path = Settings;
			sourceTree = "<group>";
		};
		21FD4473B29E24496DBA20C7 /* logs */ = {
			isa = PBXGroup;
			children = (
				6E5E549C6D10C0E21DC81924 /* HEAD */,
				9260CDEC79F25EBF01D7580F /* refs */,
			);
			path = logs;
			sourceTree = "<group>";
		};
		2298002DF241E7EED793A03E /* d1 */ = {
			isa = PBXGroup;
			children = (
				99BFA5379EA461873ED02BCF /* 31f74d461fa4e1d5aa29d7c5370f65744537e7 */,
			);
			path = d1;
			sourceTree = "<group>";
		};
		23D904B99CBB47713259A379 /* hooks */ = {
			isa = PBXGroup;
			children = (
				5ADC8F4B571268A38A9FDAA7 /* applypatch-msg.sample */,
				375D875A39CC3BA951B9D072 /* commit-msg.sample */,
				C80C7AB5E2DB2E64D7999077 /* fsmonitor-watchman.sample */,
				45271CE6C64E82E5508FD2CA /* post-update.sample */,
				3BAD0A6C6F026C47CBF45C44 /* pre-applypatch.sample */,
				B758336005192B7634D61CFC /* pre-commit.sample */,
				8DC1EBD45CCCFD42A9C5F61D /* pre-merge-commit.sample */,
				DFB45D037F12FCE3571145B5 /* pre-push.sample */,
				9D8F480984547C6654D1585C /* pre-rebase.sample */,
				C0515111A9B7800DEDB6F66E /* pre-receive.sample */,
				7AD2F303D4E32024515B3C10 /* prepare-commit-msg.sample */,
				600F003E23D775CB67E4941D /* push-to-checkout.sample */,
				C061C9130981FCB32F675B18 /* sendemail-validate.sample */,
				6FD461830C2CBBE7D60550F4 /* update.sample */,
			);
			path = hooks;
			sourceTree = "<group>";
		};
		23EDFF67A091239E3AC13BEC /* tags */ = {
			isa = PBXGroup;
			children = (
			);
			path = tags;
			sourceTree = "<group>";
		};
		2A3DE1D4F8598229B506B07C /* Timeline */ = {
			isa = PBXGroup;
			children = (
				2B01C77CCB5F1AA3E92893D5 /* DailyTimelineView.swift */,
				D8FEF21DF3F5EB571318F19D /* TimelineItemView.swift */,
			);
			path = Timeline;
			sourceTree = "<group>";
		};
		30204626A332761D04C4B74F /* remotes */ = {
			isa = PBXGroup;
			children = (
				69111F2461B7B4D535ED3EB6 /* origin */,
			);
			path = remotes;
			sourceTree = "<group>";
		};
		3082DCB03AF5DCEBB5F2E3D0 /* e5 */ = {
			isa = PBXGroup;
			children = (
				F2CD19FA47117A6C28E6AECE /* 6cd4ab6adea77848367cf756227669de61618d */,
				9B809F8FECFE9AB4680A92A0 /* 8dbdd38f4f1571b475e376842bae79122cd06d */,
			);
			path = e5;
			sourceTree = "<group>";
		};
		3544DB738C092A0A7014FEDD /* 8c */ = {
			isa = PBXGroup;
			children = (
				B3EFD58093918A01972BF725 /* 5b700a56eb872c8465290ce3ff319d3638bb02 */,
			);
			path = 8c;
			sourceTree = "<group>";
		};
		35FF834267A3ABAC40C9149A /* origin */ = {
			isa = PBXGroup;
			children = (
				775C264772D372F93B896C5F /* main */,
			);
			path = origin;
			sourceTree = "<group>";
		};
		36CD669A76CB691F127F3DDE /* 83 */ = {
			isa = PBXGroup;
			children = (
				B962BAF48BF7AA7A5466FB8D /* bcba9ac28a871ff3bdd493a6514c86b8f48e0c */,
				02031C1A389B79DF74E11BF8 /* d2df75596b807f96a47fa962d71d274d24966d */,
			);
			path = 83;
			sourceTree = "<group>";
		};
		391E86669069631B8A5609BE /* 46 */ = {
			isa = PBXGroup;
			children = (
				118B9570D65CA7134C660383 /* 050053d686eb3b0031bd8e3894230d5758bce8 */,
			);
			path = 46;
			sourceTree = "<group>";
		};
		3D89BC0630E515F21F53AA96 /* ViewModels */ = {
			isa = PBXGroup;
			children = (
				D4BB017ED18D1CA46D6F613D /* ActivityHistoryViewModel.swift */,
				CAB2CA0F6BA9C6ACF5CB9ACB /* AnalyticsViewModel.swift */,
				26B8ABF797148343697BBC4D /* CalorieViewModel.swift */,
				96DEC5CC6238092A1C118BBD /* DashboardViewModel.swift */,
				179B6228C917063C24188357 /* SettingsViewModel.swift */,
				D1B6E389CB51FEBDF48966A0 /* TimelineViewModel.swift */,
				5C4AF511824D3632DC10CCE5 /* WeeklyCalendarViewModel.swift */,
			);
			path = ViewModels;
			sourceTree = "<group>";
		};
		40504485E9C65104343903EE /* Dashboard */ = {
			isa = PBXGroup;
			children = (
				B7383432C9C874D2A285A915 /* CurrentActivityCard.swift */,
				46BAF1A09E80FE6861149159 /* DashboardView.swift */,
				591C207D42F6A2CA99091EF9 /* ProgressRingView.swift */,
				19EE9E5B697791CC3A6224F0 /* QuickActionsView.swift */,
				BEC7FE2257B188872E602AC1 /* UpcomingActivityCard.swift */,
			);
			path = Dashboard;
			sourceTree = "<group>";
		};
		410072D3AF092DC9FE60B42A /* 87 */ = {
			isa = PBXGroup;
			children = (
				EDBC58DC50D02EB56B9C16C4 /* 2fb969059633b5cdc97736cd7a44ad2929af39 */,
				AB8FE41CD6377A3FD1F14242 /* 11a8fd4cf50579d4e0ad41cea7be954983c6d6 */,
			);
			path = 87;
			sourceTree = "<group>";
		};
		4281EBB607F246B9E9FFD54D /* 1f */ = {
			isa = PBXGroup;
			children = (
				2C1E4E161E56C060EEE60858 /* 1fffd8265a0ac2f198fb642562d63837332019 */,
			);
			path = 1f;
			sourceTree = "<group>";
		};
		43F19A54C026537A721AF100 /* 73 */ = {
			isa = PBXGroup;
			children = (
				8F02CD0C21C4424891536487 /* c00596a7fca3f3d4bdd64053b69d86745f9e10 */,
			);
			path = 73;
			sourceTree = "<group>";
		};
		4C540D591064094860DB128A /* 54 */ = {
			isa = PBXGroup;
			children = (
				7F629FBAE8AC318C2233B0CE /* 986be502e339c0fba49eb293c6d2abfc14ec69 */,
				D05994766498E98820904483 /* a27fc611d0a948913d1c1ba52bb26d74643b1e */,
			);
			path = 54;
			sourceTree = "<group>";
		};
		50E1398342A065802627C5A3 /* 13 */ = {
			isa = PBXGroup;
			children = (
				682AB3DB41204D8E2524B914 /* 28f3b538cf0abeacd6cf186dfc29d243d208f5 */,
				646ED1BA4951796A92B8EA32 /* 613e3ee1a9348462a11a77a619faa808a346eb */,
			);
			path = 13;
			sourceTree = "<group>";
		};
		5182C8CD1DE1DCFA0E630EBD /* df */ = {
			isa = PBXGroup;
			children = (
				685D2149BA927CC8DED1B687 /* 310c99548878fdf56cbb0dcaf93488b295d6b5 */,
			);
			path = df;
			sourceTree = "<group>";
		};
		5432536FA53966FA6A2F30E6 /* d9 */ = {
			isa = PBXGroup;
			children = (
				8A56D02AA33184A64E27B268 /* c19cc17a1d6452956495c8f392c3673f08a9eb */,
			);
			path = d9;
			sourceTree = "<group>";
		};
		5435B7B1065E7442A084C49E /* 11 */ = {
			isa = PBXGroup;
			children = (
				65F03F88BEBA9484B0984AF6 /* 47574457ec5bcc9b6b576e3bb3f2e6a7902369 */,
			);
			path = 11;
			sourceTree = "<group>";
		};
		544816E37851E3E3D8819B64 /* 9b */ = {
			isa = PBXGroup;
			children = (
				5FAD7F1E355A793ED3C79F64 /* 3b6d6dbe30dc3a016a66096b268cffb95f1033 */,
			);
			path = 9b;
			sourceTree = "<group>";
		};
		54C556F8E9531B40813D2B21 /* d6 */ = {
			isa = PBXGroup;
			children = (
				ED9F82B773B3D77BCDE6E842 /* c1538306e9640115b75e03d92be49b1c6a0773 */,
			);
			path = d6;
			sourceTree = "<group>";
		};
		550DA4B3D686E694229883A4 /* f4 */ = {
			isa = PBXGroup;
			children = (
				2260AD1CC64F6AB822911A2B /* 56c473fa92fed756ab35f1a75f4ba171f7f78b */,
			);
			path = f4;
			sourceTree = "<group>";
		};
		56210E670A2FDC2707DF43B5 /* 0d */ = {
			isa = PBXGroup;
			children = (
				C5B4DE7D9550FBD3ACB45A5B /* 61c67c96e80b7de04bc17f1755ff11ea17c66c */,
				BEDF84BE8008ED6BC4741059 /* 89826f2c61b2c94f1fc47b546b6a66f684a0ce */,
			);
			path = 0d;
			sourceTree = "<group>";
		};
		57102D63D1321C08A71485B5 /* Calorie */ = {
			isa = PBXGroup;
			children = (
				D5218951C328BC5B350F2383 /* CalorieEntryForm.swift */,
				15501E296147976A6CF47569 /* CalorieView.swift */,
			);
			path = Calorie;
			sourceTree = "<group>";
		};
		575812FB26A6DA707BF00870 /* e2 */ = {
			isa = PBXGroup;
			children = (
				07774578508468D5D38C9A25 /* 50675391b3a33f117f0253a7a0f1daf0501e30 */,
			);
			path = e2;
			sourceTree = "<group>";
		};
		5A9B7DF1E188E022607C916F /* Models */ = {
			isa = PBXGroup;
			children = (
				0E4778CB74B51529609C1139 /* ActivityCategory.swift */,
				DF3AA9A7DD5AE4A3C198EFD8 /* ActivityLog.swift */,
				65B2FA6F8B4E5ED895B950ED /* CalorieEntry.swift */,
				A3169FBDC98A7E82996EE60A /* CheckInRecord.swift */,
				3B4551DAAA41CADA0FED0EC7 /* DailySchedule.swift */,
				C07E08D11A29AF7A5D9717C7 /* EvidencePhoto.swift */,
				179D69E3B5805B436F8EC603 /* Reminder.swift */,
				C8795ABE89498E849BD0F8B3 /* ScheduleTemplate.swift */,
				6E409AF941C2197E56FA3B37 /* StatisticsCache.swift */,
			);
			path = Models;
			sourceTree = "<group>";
		};
		5AAD412D920839B4A44EEA68 /* heads */ = {
			isa = PBXGroup;
			children = (
				51541FAE4EBC2B14AC564036 /* main */,
			);
			path = heads;
			sourceTree = "<group>";
		};
		5AF3ACA39E4B35B9BE56B4F8 /* 28 */ = {
			isa = PBXGroup;
			children = (
				56EB4225C830AE119220FA17 /* 5bfc62e3b4214b97d69a501e7574e30a8f24d6 */,
			);
			path = 28;
			sourceTree = "<group>";
		};
		5C48D09983989C127CF9B32A /* heads */ = {
			isa = PBXGroup;
			children = (
				D9FA473B536FF90E0A1F2EFA /* main */,
			);
			path = heads;
			sourceTree = "<group>";
		};
		5F5F5CE0524A9314265A7780 /* 44 */ = {
			isa = PBXGroup;
			children = (
				0D412192029D3B9178ADD903 /* 9864f0854e20b46d6b773d65cb4122cf98cc13 */,
			);
			path = 44;
			sourceTree = "<group>";
		};
		60D1DC458FF28B5210153004 /* 90 */ = {
			isa = PBXGroup;
			children = (
				F701000030440ABEE7B2A666 /* 0586b0891293bb5cee13e8361c5b9dfec2bf38 */,
			);
			path = 90;
			sourceTree = "<group>";
		};
		62AF00AF4F97B1B6B00B1C27 /* Views */ = {
			isa = PBXGroup;
			children = (
				E588274184215E9B4C1A4C77 /* MainTabView.swift */,
				67229AB1007F09F924769EA8 /* ActivityHistory */,
				F2FE51E997704E808B2FA9DD /* Analytics */,
				57102D63D1321C08A71485B5 /* Calorie */,
				6C2D7FB4D50BAD1ECE45F760 /* Components */,
				40504485E9C65104343903EE /* Dashboard */,
				207F8AE54D127954EE55703B /* Settings */,
				2A3DE1D4F8598229B506B07C /* Timeline */,
				DBB611DA283D37D3ADE57C58 /* WeeklyCalendar */,
			);
			path = Views;
			sourceTree = "<group>";
		};
		67229AB1007F09F924769EA8 /* ActivityHistory */ = {
			isa = PBXGroup;
			children = (
				11D3E43CCEBA11BEE780B6BB /* ActivityDetailView.swift */,
				B9AD25FB6F2CF86705DDB444 /* ActivityHistoryView.swift */,
			);
			path = ActivityHistory;
			sourceTree = "<group>";
		};
		69111F2461B7B4D535ED3EB6 /* origin */ = {
			isa = PBXGroup;
			children = (
				B982EC5165BCFBC5B82FFCFB /* main */,
			);
			path = origin;
			sourceTree = "<group>";
		};
		6A670E527DF3524754DCC50B /* pack */ = {
			isa = PBXGroup;
			children = (
			);
			path = pack;
			sourceTree = "<group>";
		};
		6C2D7FB4D50BAD1ECE45F760 /* Components */ = {
			isa = PBXGroup;
			children = (
				D274A5AA9FCF58232AB74423 /* ActivityCardView.swift */,
				BD168A8526C7F5DBE92C313E /* CameraView.swift */,
				987DEFB7FA53091A78EB054E /* HeatmapView.swift */,
				3C4DC5F811783707BA3E3BDE /* MiniPlayerView.swift */,
				FB818F245421FF6CA8437FA9 /* TimerView.swift */,
			);
			path = Components;
			sourceTree = "<group>";
		};
		6D341E7A4C9BACDFEAE14CC8 /* Localization */ = {
			isa = PBXGroup;
			children = (
				8AA4A9579621B4E3A3484A99 /* Localizable.strings */,
			);
			path = Localization;
			sourceTree = "<group>";
		};
		730C09D6D1518970DFD3CFD0 /* a5 */ = {
			isa = PBXGroup;
			children = (
				5AEC3F7BF50EA3E2E80B3A04 /* 3c9a0d6c340e682c18269c144e02a946339c80 */,
				FF06875D498A5B60BA5D6663 /* c6dee6022e0fb18f8665e15b76fc6cb3028196 */,
				2BAC2D824008F53FCECF5A33 /* cb6982064ecf77ce773ad75148a25fbc3ac287 */,
			);
			path = a5;
			sourceTree = "<group>";
		};
		756B0AB1606ADB26406AF1FC /* remotes */ = {
			isa = PBXGroup;
			children = (
				35FF834267A3ABAC40C9149A /* origin */,
			);
			path = remotes;
			sourceTree = "<group>";
		};
		76022D700E56FAFCB2AD7295 /* objects */ = {
			isa = PBXGroup;
			children = (
				56210E670A2FDC2707DF43B5 /* 0d */,
				D716964922B27512AD54D4FD /* 01 */,
				B0AAB9C13A2345577D3AF5D9 /* 1e */,
				4281EBB607F246B9E9FFD54D /* 1f */,
				9B3C61E79DEABF54C841AD1E /* 02 */,
				8CF7578A581C6F66AABC8EA7 /* 3d */,
				9565A6D54CD41EF818780BB5 /* 5a */,
				9BF4E5B43A8C1A4A768625D9 /* 6a */,
				76489C7AF7E954D3A9200FC5 /* 6b */,
				D74C835A3A5E4231FB51D1BA /* 07 */,
				C26A00CFEA2CA79D976434CD /* 7c */,
				1AAB1447B6BABDC431430D11 /* 7d */,
				3544DB738C092A0A7014FEDD /* 8c */,
				544816E37851E3E3D8819B64 /* 9b */,
				5435B7B1065E7442A084C49E /* 11 */,
				50E1398342A065802627C5A3 /* 13 */,
				7F25AF39CBCEBD2C05DA143B /* 14 */,
				D716C0E949CC7AB10B4CE193 /* 15 */,
				84A02BDACE5D448855BB08D0 /* 19 */,
				9AC1A12FC5C1CE06207346A3 /* 21 */,
				FD2D3709CB1FB77857104555 /* 22 */,
				D4369819B069D66FD0DD79F8 /* 26 */,
				5AF3ACA39E4B35B9BE56B4F8 /* 28 */,
				C97B8AE7E7492FEBE09AAE8C /* 29 */,
				E9254A6CCD1FB61582BC88E7 /* 30 */,
				76A83F871F9A4B33CAA773AE /* 31 */,
				C65EF184746C3B086965B56A /* 34 */,
				F9D8E68B4ADFBAB92C7EFAE9 /* 36 */,
				5F5F5CE0524A9314265A7780 /* 44 */,
				A5715B700BAF84C84F6F4E98 /* 45 */,
				391E86669069631B8A5609BE /* 46 */,
				EC49263387D80F31B2B7047A /* 47 */,
				1826E24DDE55AF7AFE83D034 /* 48 */,
				F7330B8BE0C58BCCC0A2FDD0 /* 53 */,
				4C540D591064094860DB128A /* 54 */,
				02662360D7C1E5A8FEE752BB /* 60 */,
				1ABABF3491D599AE8A80DEF4 /* 61 */,
				97D94ED65499361701C59A8A /* 67 */,
				43F19A54C026537A721AF100 /* 73 */,
				124656C0ADBABB52A8C10B8A /* 77 */,
				E142015AD79DFD9E0A905C08 /* 81 */,
				D90C3CD42B0AA4DF413A4E7C /* 82 */,
				36CD669A76CB691F127F3DDE /* 83 */,
				410072D3AF092DC9FE60B42A /* 87 */,
				60D1DC458FF28B5210153004 /* 90 */,
				9671635D74E9BF3930D8C1B0 /* 91 */,
				F005BE348AD430534E6DDE1A /* 92 */,
				1C6ADFE5C87882F68B906BB2 /* 94 */,
				730C09D6D1518970DFD3CFD0 /* a5 */,
				E27A8F587BFD39C7F32B48DF /* ab */,
				B4A313DCCA90CF52F2F93EDA /* ad */,
				D55FA124F81ED27B2ABDD07A /* b2 */,
				945C4386D826F80474436CA7 /* bb */,
				98010E0C511A5EC05F74270D /* bc */,
				1C61928A6074746316D8BBCF /* c0 */,
				C9B1B2BD15CA0EC53B88BFB2 /* c6 */,
				1C46FA60C774CC67D008D794 /* ca */,
				2298002DF241E7EED793A03E /* d1 */,
				AF0E7E384CEE426DC39BAD09 /* d3 */,
				BA2ED31AD8DF9F8AC7C7E48B /* d4 */,
				54C556F8E9531B40813D2B21 /* d6 */,
				5432536FA53966FA6A2F30E6 /* d9 */,
				5182C8CD1DE1DCFA0E630EBD /* df */,
				575812FB26A6DA707BF00870 /* e2 */,
				3082DCB03AF5DCEBB5F2E3D0 /* e5 */,
				015FE8BB381DCCF6FF47EE4C /* e7 */,
				C074F61607B16A0EE412A9E4 /* e8 */,
				1A33C3D408526BDEA4B2DEB3 /* e9 */,
				919C94DA616C96F38A44D980 /* eb */,
				A52D4CB06A9104CDA6E1E039 /* ed */,
				1F0AF19070875AA2C0C2A9C9 /* f0 */,
				022C9DF429CB4680F05C9600 /* f2 */,
				550DA4B3D686E694229883A4 /* f4 */,
				CA0DDE217AF510125F1A9235 /* f7 */,
				8B79389EB42444D793E61F06 /* f9 */,
				8093E96565EBFBDF65271648 /* fa */,
				D584A5594465601AFB5A8913 /* fc */,
				E0FA3ECDB2F9B889B27D861B /* info */,
				6A670E527DF3524754DCC50B /* pack */,
			);
			path = objects;
			sourceTree = "<group>";
		};
		76489C7AF7E954D3A9200FC5 /* 6b */ = {
			isa = PBXGroup;
			children = (
				50509B0350CDB7412637EFAC /* 1cb27599c1989565427adc1c91557aac2cad0a */,
			);
			path = 6b;
			sourceTree = "<group>";
		};
		76A83F871F9A4B33CAA773AE /* 31 */ = {
			isa = PBXGroup;
			children = (
				955C4E19FC1D9643081D54EC /* 50b69e121ec4a89a14c677729bfcf0c8f2cda1 */,
				4468A18B14592543D1948B0A /* 113306ffb7b7879fca681292e50d96b92e30e1 */,
			);
			path = 31;
			sourceTree = "<group>";
		};
		77AB02E052CE02695E382649 /* Services */ = {
			isa = PBXGroup;
			children = (
				BCADB178B961267A4DCA78DD /* DataSeeder.swift */,
				19ED916418C7DB6621B9E08D /* LocalizationService.swift */,
				4FA7CC09F6B5E380011304FB /* MediaControlService.swift */,
				CD4B70A31C7C921223A1C52A /* NotificationService.swift */,
				36BFE0DD67091712B5404200 /* ScheduleService.swift */,
				5D44BBEC9DF709B2A32DEDF6 /* TimerService.swift */,
			);
			path = Services;
			sourceTree = "<group>";
		};
		7F25AF39CBCEBD2C05DA143B /* 14 */ = {
			isa = PBXGroup;
			children = (
				B079DCB69DA990775F2883F6 /* 1b45f24d61549ef1cae11ff09841ac7ca9a94b */,
				E7F7795606936D0F3E66D1A6 /* f1e3c6313737db393d42407ce80b2389501b14 */,
			);
			path = 14;
			sourceTree = "<group>";
		};
		8093E96565EBFBDF65271648 /* fa */ = {
			isa = PBXGroup;
			children = (
				229D0087498557F0FCF6624E /* 0a21dd0aec4e4a6f5152c616c7763faec0d3da */,
			);
			path = fa;
			sourceTree = "<group>";
		};
		84A02BDACE5D448855BB08D0 /* 19 */ = {
			isa = PBXGroup;
			children = (
				8918AA85D79E881FEE87CA93 /* 3cfa7dd9f4338d3262418be72d96980c6ae969 */,
			);
			path = 19;
			sourceTree = "<group>";
		};
		8B79389EB42444D793E61F06 /* f9 */ = {
			isa = PBXGroup;
			children = (
				405601CDDF0B76300EC07B9E /* 575d49820e1384e6d73836d7d3376be77c3426 */,
			);
			path = f9;
			sourceTree = "<group>";
		};
		8CF7578A581C6F66AABC8EA7 /* 3d */ = {
			isa = PBXGroup;
			children = (
				23DF0CF1DE7BAD07CA91480E /* 1244109da1de83fb88aa6b5fef90acca5e7b0e */,
			);
			path = 3d;
			sourceTree = "<group>";
		};
		919C94DA616C96F38A44D980 /* eb */ = {
			isa = PBXGroup;
			children = (
				4C6A62546FDEF4BA4C38AA9D /* fb032c57eb3dad8cf1d9c1e850285d62771d84 */,
			);
			path = eb;
			sourceTree = "<group>";
		};
		9260CDEC79F25EBF01D7580F /* refs */ = {
			isa = PBXGroup;
			children = (
				5C48D09983989C127CF9B32A /* heads */,
				756B0AB1606ADB26406AF1FC /* remotes */,
			);
			path = refs;
			sourceTree = "<group>";
		};
		945C4386D826F80474436CA7 /* bb */ = {
			isa = PBXGroup;
			children = (
				929422CD144C2B639D5DCAB8 /* ddc396bcb6a25cc8d9fdb0d6316e8d52cfc005 */,
			);
			path = bb;
			sourceTree = "<group>";
		};
		9565A6D54CD41EF818780BB5 /* 5a */ = {
			isa = PBXGroup;
			children = (
				6B4EA4B04C70ED394C972A5E /* 701d67054f0056a62ca62211666a48bef9d937 */,
			);
			path = 5a;
			sourceTree = "<group>";
		};
		9671635D74E9BF3930D8C1B0 /* 91 */ = {
			isa = PBXGroup;
			children = (
				41B3DD9FFD3AF1F36F41F197 /* 9b84f2c9079f93e1b65ca39d6f5b07e3670d3b */,
				256781D9E40981FEF6239C23 /* 9434a6254f0e9651f402737811be6634a03e9c */,
			);
			path = 91;
			sourceTree = "<group>";
		};
		968EAF85BCCBAC3D364B8BA3 /* Utilities */ = {
			isa = PBXGroup;
			children = (
				046297A8FC6BBBB1E18665E7 /* Constants.swift */,
				A498DC83AC1BE4CA8BF93692 /* Extensions */,
			);
			path = Utilities;
			sourceTree = "<group>";
		};
		978D3D012BD7B331DDC9804E /* info */ = {
			isa = PBXGroup;
			children = (
				01F57C82726BDBC25C3613B1 /* exclude */,
			);
			path = info;
			sourceTree = "<group>";
		};
		97D94ED65499361701C59A8A /* 67 */ = {
			isa = PBXGroup;
			children = (
				75367314FFE007EAF997C8D6 /* 69b78eee51f6ef1e69d51b279d4915c0cb2f3c */,
			);
			path = 67;
			sourceTree = "<group>";
		};
		98010E0C511A5EC05F74270D /* bc */ = {
			isa = PBXGroup;
			children = (
				A1EC360585FE8040FDA8FAA6 /* 7361f1595cd2e046bcaca45a269c4b78a406f6 */,
			);
			path = bc;
			sourceTree = "<group>";
		};
		9820CCC2640B00820BEB113A /* Products */ = {
			isa = PBXGroup;
			children = (
				2A89CF11287D4DD1F5B871AE /* DailyRoutine.app */,
				C26FD0A9536FEE0C90C58C54 /* DailyRoutineTests.xctest */,
			);
			name = Products;
			sourceTree = "<group>";
		};
		9AC1A12FC5C1CE06207346A3 /* 21 */ = {
			isa = PBXGroup;
			children = (
				6C11E0A1C57B1FF2A4900768 /* 01078a648a9fd2717881e03826b192ec7cfcd7 */,
			);
			path = 21;
			sourceTree = "<group>";
		};
		9B3C61E79DEABF54C841AD1E /* 02 */ = {
			isa = PBXGroup;
			children = (
				9E757580F2BD81CE75B0B7F2 /* 289c979e218f5994d53aef5c1c34c40f50697d */,
				42C4151E6F8FF4DEFDA6C03E /* ec4d3914d8b33cfdf885abe6b13c70a4a280a6 */,
			);
			path = 02;
			sourceTree = "<group>";
		};
		9BF4E5B43A8C1A4A768625D9 /* 6a */ = {
			isa = PBXGroup;
			children = (
				90FD19A2883B16F7435B4B6D /* 9feac8cd9b6a85b963d1f83430ca33f35f29f4 */,
				19F484AC5635100C1E42ABB2 /* 538b5734b3a08390f9f67c8eab460ea1cfc2a6 */,
				F77E3A27B49B4985F926EDE0 /* b3a3d8d2da04e54f723dcfc6354dcd047ab7ac */,
			);
			path = 6a;
			sourceTree = "<group>";
		};
		A498DC83AC1BE4CA8BF93692 /* Extensions */ = {
			isa = PBXGroup;
			children = (
				FFBE0E4D5EC73FFBD6BA7F72 /* Color+Theme.swift */,
				741C0AF68845A1A2FD795FE7 /* Date+Extensions.swift */,
				A8638E5FABE8006779958444 /* View+Extensions.swift */,
			);
			path = Extensions;
			sourceTree = "<group>";
		};
		A52D4CB06A9104CDA6E1E039 /* ed */ = {
			isa = PBXGroup;
			children = (
				5B4E761BAFB0017B34E75B5D /* f03e6656ce71e276dd13b42308c186502d9633 */,
			);
			path = ed;
			sourceTree = "<group>";
		};
		A5715B700BAF84C84F6F4E98 /* 45 */ = {
			isa = PBXGroup;
			children = (
				311FCA9446A9A0836978311D /* 17626282a0472336fa2cd2c9b7c75184beb0f4 */,
			);
			path = 45;
			sourceTree = "<group>";
		};
		AF0E7E384CEE426DC39BAD09 /* d3 */ = {
			isa = PBXGroup;
			children = (
				277138FF7EAA89E48B9243EA /* d2b13150468db08911314b406b4c9a40f75731 */,
			);
			path = d3;
			sourceTree = "<group>";
		};
		B0AAB9C13A2345577D3AF5D9 /* 1e */ = {
			isa = PBXGroup;
			children = (
				7B7BA850EBE7072366073CFE /* 654613b98a9fa6ffa3c98461af025015f3c694 */,
			);
			path = 1e;
			sourceTree = "<group>";
		};
		B4A313DCCA90CF52F2F93EDA /* ad */ = {
			isa = PBXGroup;
			children = (
				069CABA42DA2BCC0D69C7824 /* 4edc5f1fb7cb078ac426325cff7980ba49e532 */,
			);
			path = ad;
			sourceTree = "<group>";
		};
		B9D38B34037E61D05DCBCF9E = {
			isa = PBXGroup;
			children = (
				0471B41A2B681513A7ECD9A2 /* .git */,
				F250B7717EB10CD450D92AB2 /* DailyRoutineTests */,
				6D341E7A4C9BACDFEAE14CC8 /* Localization */,
				5A9B7DF1E188E022607C916F /* Models */,
				77AB02E052CE02695E382649 /* Services */,
				968EAF85BCCBAC3D364B8BA3 /* Utilities */,
				3D89BC0630E515F21F53AA96 /* ViewModels */,
				62AF00AF4F97B1B6B00B1C27 /* Views */,
				9820CCC2640B00820BEB113A /* Products */,
			);
			sourceTree = "<group>";
		};
		BA2ED31AD8DF9F8AC7C7E48B /* d4 */ = {
			isa = PBXGroup;
			children = (
				DE22B50CDE65ED6F8A5F123D /* 411aed1a31c324c0ccc85b92a8a23077558fb0 */,
			);
			path = d4;
			sourceTree = "<group>";
		};
		C074F61607B16A0EE412A9E4 /* e8 */ = {
			isa = PBXGroup;
			children = (
				E015E9D5A1EDDD2615A4E34D /* 833f7a67598375d1e1c636381e8e3dec0a867a */,
			);
			path = e8;
			sourceTree = "<group>";
		};
		C26A00CFEA2CA79D976434CD /* 7c */ = {
			isa = PBXGroup;
			children = (
				B3FC1900FB8E63319614BAD9 /* d5e59964f494ee5f1efa7fb6a713f4628a9ed6 */,
			);
			path = 7c;
			sourceTree = "<group>";
		};
		C65EF184746C3B086965B56A /* 34 */ = {
			isa = PBXGroup;
			children = (
				FB6C26E809848BFB9BD39CB5 /* 2f400ad12216066fdb1f283a019f283de10dd6 */,
			);
			path = 34;
			sourceTree = "<group>";
		};
		C97B8AE7E7492FEBE09AAE8C /* 29 */ = {
			isa = PBXGroup;
			children = (
				8AD1282E9CE4DB32B9F1950E /* 0da0d7da9856e3ed248f023bde3c756945a925 */,
				CEA4295CDF31F99F0978B0F9 /* 2cc6b1196d8aef5f550fb87e93a7ad8b2cafc1 */,
			);
			path = 29;
			sourceTree = "<group>";
		};
		C9B1B2BD15CA0EC53B88BFB2 /* c6 */ = {
			isa = PBXGroup;
			children = (
				97DCC9D4F2F0C0FDAE2CEC74 /* b00545999e5035a7c6a34cfe5911c36c5b12eb */,
			);
			path = c6;
			sourceTree = "<group>";
		};
		CA0DDE217AF510125F1A9235 /* f7 */ = {
			isa = PBXGroup;
			children = (
				C5C49A46A5C5A9B7ACA9E426 /* 6416e647056e35a9704802aa13884577e8d3a2 */,
			);
			path = f7;
			sourceTree = "<group>";
		};
		D4369819B069D66FD0DD79F8 /* 26 */ = {
			isa = PBXGroup;
			children = (
				240A9D59D751CF1104B39B93 /* a85f23561c517b25949627876ed255bd98b68f */,
			);
			path = 26;
			sourceTree = "<group>";
		};
		D55FA124F81ED27B2ABDD07A /* b2 */ = {
			isa = PBXGroup;
			children = (
				FA68E2F53DFD61CD37BACF48 /* 74939253e51dea41befc5f6674a64907030152 */,
			);
			path = b2;
			sourceTree = "<group>";
		};
		D584A5594465601AFB5A8913 /* fc */ = {
			isa = PBXGroup;
			children = (
				B805E5297BC7C0C630464291 /* c616bb01e5ab9a7b751da5b65b55862c88fb1f */,
			);
			path = fc;
			sourceTree = "<group>";
		};
		D716964922B27512AD54D4FD /* 01 */ = {
			isa = PBXGroup;
			children = (
				DBC2F0686674053B93B0908F /* 285980dba1037d4fc51cb3f470bae8c3fb3648 */,
			);
			path = 01;
			sourceTree = "<group>";
		};
		D716C0E949CC7AB10B4CE193 /* 15 */ = {
			isa = PBXGroup;
			children = (
				BEEC760ED171F0270F19B7C0 /* d5b14cdfcc9396e9bcc0681e3b7fe1e526c6c9 */,
			);
			path = 15;
			sourceTree = "<group>";
		};
		D74C835A3A5E4231FB51D1BA /* 07 */ = {
			isa = PBXGroup;
			children = (
				58DDF26F54F333CA36EC243B /* 37827b26a0e3c98362dfcbbab609ab474d9fff */,
				842A0594277CFEC101F5B331 /* e6211134c61d92e2fa8ca946c6c1de92d69e29 */,
			);
			path = 07;
			sourceTree = "<group>";
		};
		D90C3CD42B0AA4DF413A4E7C /* 82 */ = {
			isa = PBXGroup;
			children = (
				4ADB8605FC8BEBAFC0FD2EE9 /* 3ab85682c64464824733aabdd268078425ce9a */,
			);
			path = 82;
			sourceTree = "<group>";
		};
		DBB611DA283D37D3ADE57C58 /* WeeklyCalendar */ = {
			isa = PBXGroup;
			children = (
				9BD9725CA078EDE68E35EC77 /* WeeklyCalendarView.swift */,
			);
			path = WeeklyCalendar;
			sourceTree = "<group>";
		};
		E0FA3ECDB2F9B889B27D861B /* info */ = {
			isa = PBXGroup;
			children = (
			);
			path = info;
			sourceTree = "<group>";
		};
		E142015AD79DFD9E0A905C08 /* 81 */ = {
			isa = PBXGroup;
			children = (
				6618400E47A5C78F73D2EC34 /* 7b8b8da8a87eff54444b80a0b4e75acc48c843 */,
			);
			path = 81;
			sourceTree = "<group>";
		};
		E27A8F587BFD39C7F32B48DF /* ab */ = {
			isa = PBXGroup;
			children = (
				BB741DBB10C357DD8A0E6A36 /* ea0f896e5cfee8f0d6bc6d3f3a67e3e65ce09b */,
			);
			path = ab;
			sourceTree = "<group>";
		};
		E9254A6CCD1FB61582BC88E7 /* 30 */ = {
			isa = PBXGroup;
			children = (
				423D42464C0B298C5EFE2B09 /* f9a11d0f89feceb591e5184b860650bc1c4e4c */,
			);
			path = 30;
			sourceTree = "<group>";
		};
		EC49263387D80F31B2B7047A /* 47 */ = {
			isa = PBXGroup;
			children = (
				CA3205A0B338B0A1DDD3FF74 /* 38cc9187a54622bf8650242859059db9c799ba */,
			);
			path = 47;
			sourceTree = "<group>";
		};
		F005BE348AD430534E6DDE1A /* 92 */ = {
			isa = PBXGroup;
			children = (
				0EF6032790AB507358846594 /* b6184c71e80ddc6bfd3f6278b892d9d2ba6997 */,
			);
			path = 92;
			sourceTree = "<group>";
		};
		F250B7717EB10CD450D92AB2 /* DailyRoutineTests */ = {
			isa = PBXGroup;
			children = (
				BDBFF8B69BC18C338BA3E019 /* BackendTests.swift */,
				BC58282EB910343B0ECB843E /* DatabaseTests.swift */,
				9D9F941840E61692FBA96F69 /* UIUXTests.swift */,
				71B3AEC942EA8CF8DA12656C /* WorkflowTests.swift */,
			);
			path = DailyRoutineTests;
			sourceTree = "<group>";
		};
		F2FE51E997704E808B2FA9DD /* Analytics */ = {
			isa = PBXGroup;
			children = (
				A7B92BA8A6186A7201B20A21 /* AnalyticsView.swift */,
			);
			path = Analytics;
			sourceTree = "<group>";
		};
		F7330B8BE0C58BCCC0A2FDD0 /* 53 */ = {
			isa = PBXGroup;
			children = (
				194553546E04D07DF1DFB89E /* 988e76a416cf12782e6852f64ebc89d8d30dab */,
			);
			path = 53;
			sourceTree = "<group>";
		};
		F9D8E68B4ADFBAB92C7EFAE9 /* 36 */ = {
			isa = PBXGroup;
			children = (
				7ED710AC15FC2A79E06B6063 /* 502fd6838378a99e88af833336ff317aadb58a */,
			);
			path = 36;
			sourceTree = "<group>";
		};
		FA913FBA2612FA70AFC4A6F5 /* refs */ = {
			isa = PBXGroup;
			children = (
				5AAD412D920839B4A44EEA68 /* heads */,
				30204626A332761D04C4B74F /* remotes */,
				23EDFF67A091239E3AC13BEC /* tags */,
			);
			path = refs;
			sourceTree = "<group>";
		};
		FD2D3709CB1FB77857104555 /* 22 */ = {
			isa = PBXGroup;
			children = (
				D0F0F5C74961EAF650E568F6 /* c70ab82364aa2040cc2784ae9f681607d945d4 */,
			);
			path = 22;
			sourceTree = "<group>";
		};
		"TEMP_2C95D7E4-5A81-4D79-8686-C9E930CB9BD1" /* . */ = {
			isa = PBXGroup;
			children = (
				"TEMP_C064C944-C965-45D6-86DD-A098A6F9E07F" /* Assets.xcassets */,
				"TEMP_4C4D6AA7-3D55-40E1-95A1-D53E7BF72535" /* README.md */,
				"TEMP_14747AF2-FC08-44C8-8444-32FBC864C87B" /* .gitignore */,
				"TEMP_D69E54F6-FB58-402E-A5ED-3C232885D918" /* build_and_test.sh */,
				"TEMP_3DB2AE50-ECBE-4391-8322-611B7525180A" /* DailyRoutineApp.swift */,
				3D89BC0630E515F21F53AA96 /* ViewModels */,
				5A9B7DF1E188E022607C916F /* Models */,
				968EAF85BCCBAC3D364B8BA3 /* Utilities */,
				0471B41A2B681513A7ECD9A2 /* .git */,
				62AF00AF4F97B1B6B00B1C27 /* Views */,
				77AB02E052CE02695E382649 /* Services */,
				6D341E7A4C9BACDFEAE14CC8 /* Localization */,
			);
			name = .;
			path = .;
			sourceTree = "<group>";
		};
/* End PBXGroup section */

/* Begin PBXNativeTarget section */
		2BC4FF8C84628F5F18988157 /* DailyRoutineTests */ = {
			isa = PBXNativeTarget;
			buildConfigurationList = EBB61274FEE0D874B8267493 /* Build configuration list for PBXNativeTarget "DailyRoutineTests" */;
			buildPhases = (
				462204152A8510AFD2C80C88 /* Sources */,
			);
			buildRules = (
			);
			dependencies = (
				C560A97F3C5A32D6125E1CDB /* PBXTargetDependency */,
			);
			name = DailyRoutineTests;
			packageProductDependencies = (
			);
			productName = DailyRoutineTests;
			productReference = C26FD0A9536FEE0C90C58C54 /* DailyRoutineTests.xctest */;
			productType = "com.apple.product-type.bundle.unit-test";
		};
		8C4D877AE1A9C55340048625 /* DailyRoutine */ = {
			isa = PBXNativeTarget;
			buildConfigurationList = 3E73B10DAF10FAAC9B2FC9B7 /* Build configuration list for PBXNativeTarget "DailyRoutine" */;
			buildPhases = (
				CCDC7C14B089921007E4E07A /* Sources */,
				DC6274ACB84A4AB58A34BFC2 /* Resources */,
			);
			buildRules = (
			);
			dependencies = (
			);
			name = DailyRoutine;
			packageProductDependencies = (
			);
			productName = DailyRoutine;
			productReference = 2A89CF11287D4DD1F5B871AE /* DailyRoutine.app */;
			productType = "com.apple.product-type.application";
		};
/* End PBXNativeTarget section */

/* Begin PBXProject section */
		70C6E364ACD665C0804EAA4A /* Project object */ = {
			isa = PBXProject;
			attributes = {
				BuildIndependentTargetsInParallel = YES;
				LastUpgradeCheck = 1500;
				TargetAttributes = {
					8C4D877AE1A9C55340048625 = {
						DevelopmentTeam = "";
						ProvisioningStyle = Automatic;
					};
				};
			};
			buildConfigurationList = F90391B6045350C4251F3BD9 /* Build configuration list for PBXProject "DailyRoutine" */;
			developmentRegion = en;
			hasScannedForEncodings = 0;
			knownRegions = (
				Base,
				en,
				vi,
				"zh-Hans",
			);
			mainGroup = B9D38B34037E61D05DCBCF9E;
			minimizedProjectReferenceProxies = 1;
			preferredProjectObjectVersion = 77;
			productRefGroup = 9820CCC2640B00820BEB113A /* Products */;
			projectDirPath = "";
			projectRoot = "";
			targets = (
				8C4D877AE1A9C55340048625 /* DailyRoutine */,
				2BC4FF8C84628F5F18988157 /* DailyRoutineTests */,
			);
		};
/* End PBXProject section */

/* Begin PBXResourcesBuildPhase section */
		DC6274ACB84A4AB58A34BFC2 /* Resources */ = {
			isa = PBXResourcesBuildPhase;
			buildActionMask = 2147483647;
			files = (
				6AC3982CC3915763CD6BF626 /* Assets.xcassets in Resources */,
				9773057B2AAAFDB9A5B59E02 /* Localizable.strings in Resources */,
				0A45D74C78280394147C3AE4 /* README.md in Resources */,
				120F05E3D9CC45DB4B94F7F2 /* applypatch-msg.sample in Resources */,
				065D63AFDAA7FC6EF74AE8C6 /* build_and_test.sh in Resources */,
				9A54063951F933DCCEEAD7D0 /* commit-msg.sample in Resources */,
				474F864160BA7439543B0819 /* fsmonitor-watchman.sample in Resources */,
				DC8F8EEACC4A729B0DB97171 /* post-update.sample in Resources */,
				8C87E27847574DBE38D93135 /* pre-applypatch.sample in Resources */,
				FD02C5CBE3BBBE5AA12E61D6 /* pre-commit.sample in Resources */,
				61C4D48A1268A91EFF0E003A /* pre-merge-commit.sample in Resources */,
				6042BA93F88C2233EAAA1A5A /* pre-push.sample in Resources */,
				2FE14F7C17B2E350BE93A41C /* pre-rebase.sample in Resources */,
				861D625F6379A7A0BDB4ECBB /* pre-receive.sample in Resources */,
				62F656214033E7AF6A628AC2 /* prepare-commit-msg.sample in Resources */,
				87D7D6F6B1964D8958AD8C3F /* push-to-checkout.sample in Resources */,
				DE11ECECAD088AF8C042DBAA /* sendemail-validate.sample in Resources */,
				DA5FA15D2FBBBB969FE337DD /* update.sample in Resources */,
			);
			runOnlyForDeploymentPostprocessing = 0;
		};
/* End PBXResourcesBuildPhase section */

/* Begin PBXSourcesBuildPhase section */
		462204152A8510AFD2C80C88 /* Sources */ = {
			isa = PBXSourcesBuildPhase;
			buildActionMask = 2147483647;
			files = (
				81259B6D554EDA0CAC8D1C1F /* BackendTests.swift in Sources */,
				4E7984BA1D281FE234E1D294 /* DatabaseTests.swift in Sources */,
				60E62518B6FA37C845B7B53C /* UIUXTests.swift in Sources */,
				9933085E4E6AAF5DE365EB8A /* WorkflowTests.swift in Sources */,
			);
			runOnlyForDeploymentPostprocessing = 0;
		};
		CCDC7C14B089921007E4E07A /* Sources */ = {
			isa = PBXSourcesBuildPhase;
			buildActionMask = 2147483647;
			files = (
				9FBB59B571879A8122669E1E /* ActivityCardView.swift in Sources */,
				5BC224A7CB6A5237AC0848B3 /* ActivityCategory.swift in Sources */,
				1ACBD3CDC5A78078C0839B19 /* ActivityDetailView.swift in Sources */,
				3B6FA6BC12A95E70ACD17F74 /* ActivityHistoryView.swift in Sources */,
				55677302F13B5617B0A70AAA /* ActivityHistoryViewModel.swift in Sources */,
				8456A7B030E5ED5522F57F5C /* ActivityLog.swift in Sources */,
				52A9C0DA08CC12599281CEB7 /* AnalyticsView.swift in Sources */,
				635F34AE22190B9558FB8F92 /* AnalyticsViewModel.swift in Sources */,
				3A56A8E53DC577839C87F306 /* CalorieEntry.swift in Sources */,
				1E8F55DD7A0D4901FA7DEC99 /* CalorieEntryForm.swift in Sources */,
				5A36B1A344290DBF3A975433 /* CalorieView.swift in Sources */,
				86918DE21907FE460E184549 /* CalorieViewModel.swift in Sources */,
				7DAB47CF28953DA5A3481A78 /* CameraView.swift in Sources */,
				5A7E7DFD147831C5724FFAB7 /* CheckInRecord.swift in Sources */,
				0F79B0DDB9D96B60F8217762 /* Color+Theme.swift in Sources */,
				B1B7756E22BA1E00BBFFC7B0 /* Constants.swift in Sources */,
				59615AEA6B168965CEE53C49 /* CurrentActivityCard.swift in Sources */,
				6A883CEE73A2C8611DE9F05E /* DailyRoutineApp.swift in Sources */,
				19DAE03DAF0C743AD10B8281 /* DailySchedule.swift in Sources */,
				7676EB902A3BDFD5CCF51BDE /* DailyTimelineView.swift in Sources */,
				BA5AA42EA3CAD97F0C91332A /* DashboardView.swift in Sources */,
				1D6607385B768130779E1551 /* DashboardViewModel.swift in Sources */,
				F406C209316D7CDB9B4172E1 /* DataSeeder.swift in Sources */,
				A7742C715A8720A4E18B6F73 /* Date+Extensions.swift in Sources */,
				C640D65C279FD33919D390CA /* EvidencePhoto.swift in Sources */,
				77B7BE992092C57482EBDE52 /* HeatmapView.swift in Sources */,
				93AAA7D22F8C44D154487A91 /* LocalizationService.swift in Sources */,
				FE638BE824F15F716AEBD8C2 /* MainTabView.swift in Sources */,
				2B15E915D8D4ECEB7E812FFE /* MediaControlService.swift in Sources */,
				720BAEAC8F01D7026275F0D7 /* MiniPlayerView.swift in Sources */,
				E31C2F68D044411B22231D81 /* NotificationService.swift in Sources */,
				9193BFF3FEED7D5E0C086BE4 /* ProgressRingView.swift in Sources */,
				7498D285DA23F7281E3394AD /* QuickActionsView.swift in Sources */,
				018B10C6D81CE663CA6ABDAF /* Reminder.swift in Sources */,
				5330D3F4DC4C648D3E658804 /* ScheduleService.swift in Sources */,
				A0DBA1DFC7A6F02BAC2D48D8 /* ScheduleTemplate.swift in Sources */,
				9714A55718C501857E9651AC /* SettingsView.swift in Sources */,
				69AB00353F032DCF30E86D5D /* SettingsViewModel.swift in Sources */,
				F10366B35F053C1E0EDA56F4 /* StatisticsCache.swift in Sources */,
				F91A327C68D180A4717E812B /* TimelineItemView.swift in Sources */,
				43FC0E449FB902CF1CE5D67B /* TimelineViewModel.swift in Sources */,
				03EB04DFAA8414C74E05A5D0 /* TimerService.swift in Sources */,
				5D00013F61641DBFD8871FB8 /* TimerView.swift in Sources */,
				769393CE38870648A8B40F05 /* UpcomingActivityCard.swift in Sources */,
				B547AE5417CB393BBC949138 /* View+Extensions.swift in Sources */,
				AD5BBA90F512076EF7E229FE /* WeeklyCalendarView.swift in Sources */,
				C87C3381DEB4B3347DFF9789 /* WeeklyCalendarViewModel.swift in Sources */,
			);
			runOnlyForDeploymentPostprocessing = 0;
		};
/* End PBXSourcesBuildPhase section */

/* Begin PBXTargetDependency section */
		C560A97F3C5A32D6125E1CDB /* PBXTargetDependency */ = {
			isa = PBXTargetDependency;
			target = 8C4D877AE1A9C55340048625 /* DailyRoutine */;
			targetProxy = 22362A43E7FEB03D37C5B041 /* PBXContainerItemProxy */;
		};
/* End PBXTargetDependency section */

/* Begin PBXVariantGroup section */
		8AA4A9579621B4E3A3484A99 /* Localizable.strings */ = {
			isa = PBXVariantGroup;
			children = (
				F0E9EE8185781BF70D9C6CD4 /* en */,
				CAAC2C108E675710B8D5EC53 /* vi */,
				7C53B05F0979A322E546D075 /* zh-Hans */,
			);
			name = Localizable.strings;
			sourceTree = "<group>";
		};
/* End PBXVariantGroup section */

/* Begin XCBuildConfiguration section */
		29DE0AD91199E8AC14447F2B /* Debug */ = {
			isa = XCBuildConfiguration;
			buildSettings = {
				ASSETCATALOG_COMPILER_APPICON_NAME = AppIcon;
				ASSETCATALOG_COMPILER_GLOBAL_ACCENT_COLOR_NAME = AccentColor;
				CODE_SIGN_IDENTITY = "iPhone Developer";
				CODE_SIGN_STYLE = Automatic;
				DEVELOPMENT_TEAM = "";
				INFOPLIST_KEY_NSAppleMusicUsageDescription = "Control music during activities";
				INFOPLIST_KEY_NSCameraUsageDescription = "Take evidence photos for activities";
				INFOPLIST_KEY_UIApplicationSceneManifest_Generation = YES;
				INFOPLIST_KEY_UIApplicationSupportsIndirectInputEvents = YES;
				INFOPLIST_KEY_UILaunchScreen_Generation = YES;
				INFOPLIST_KEY_UISupportedInterfaceOrientations_iPhone = UIInterfaceOrientationPortrait;
				IPHONEOS_DEPLOYMENT_TARGET = 17.0;
				LD_RUNPATH_SEARCH_PATHS = (
					"$(inherited)",
					"@executable_path/Frameworks",
				);
				PRODUCT_BUNDLE_IDENTIFIER = com.mrtun.DailyRoutine;
				SDKROOT = iphoneos;
				SUPPORTED_PLATFORMS = "iphoneos iphonesimulator";
				SUPPORTS_MACCATALYST = NO;
				TARGETED_DEVICE_FAMILY = 1;
			};
			name = Debug;
		};
		3F9E88849A57E636B70BF19F /* Release */ = {
			isa = XCBuildConfiguration;
			buildSettings = {
				BUNDLE_LOADER = "$(TEST_HOST)";
				GENERATE_INFOPLIST_FILE = YES;
				IPHONEOS_DEPLOYMENT_TARGET = 17.0;
				LD_RUNPATH_SEARCH_PATHS = (
					"$(inherited)",
					"@executable_path/Frameworks",
					"@loader_path/Frameworks",
				);
				PRODUCT_BUNDLE_IDENTIFIER = com.mrtun.DailyRoutineTests;
				SDKROOT = iphoneos;
				TARGETED_DEVICE_FAMILY = "1,2";
				TEST_HOST = "$(BUILT_PRODUCTS_DIR)/DailyRoutine.app/$(BUNDLE_EXECUTABLE_FOLDER_PATH)/DailyRoutine";
			};
			name = Release;
		};
		C08B45444425F83B36F35990 /* Release */ = {
			isa = XCBuildConfiguration;
			buildSettings = {
				ALWAYS_SEARCH_USER_PATHS = NO;
				CLANG_ANALYZER_NONNULL = YES;
				CLANG_ANALYZER_NUMBER_OBJECT_CONVERSION = YES_AGGRESSIVE;
				CLANG_CXX_LANGUAGE_STANDARD = "gnu++14";
				CLANG_CXX_LIBRARY = "libc++";
				CLANG_ENABLE_MODULES = YES;
				CLANG_ENABLE_OBJC_ARC = YES;
				CLANG_ENABLE_OBJC_WEAK = YES;
				CLANG_WARN_BLOCK_CAPTURE_AUTORELEASING = YES;
				CLANG_WARN_BOOL_CONVERSION = YES;
				CLANG_WARN_COMMA = YES;
				CLANG_WARN_CONSTANT_CONVERSION = YES;
				CLANG_WARN_DEPRECATED_OBJC_IMPLEMENTATIONS = YES;
				CLANG_WARN_DIRECT_OBJC_ISA_USAGE = YES_ERROR;
				CLANG_WARN_DOCUMENTATION_COMMENTS = YES;
				CLANG_WARN_EMPTY_BODY = YES;
				CLANG_WARN_ENUM_CONVERSION = YES;
				CLANG_WARN_INFINITE_RECURSION = YES;
				CLANG_WARN_INT_CONVERSION = YES;
				CLANG_WARN_NON_LITERAL_NULL_CONVERSION = YES;
				CLANG_WARN_OBJC_IMPLICIT_RETAIN_SELF = YES;
				CLANG_WARN_OBJC_LITERAL_CONVERSION = YES;
				CLANG_WARN_OBJC_ROOT_CLASS = YES_ERROR;
				CLANG_WARN_QUOTED_INCLUDE_IN_FRAMEWORK_HEADER = YES;
				CLANG_WARN_RANGE_LOOP_ANALYSIS = YES;
				CLANG_WARN_STRICT_PROTOTYPES = YES;
				CLANG_WARN_SUSPICIOUS_MOVE = YES;
				CLANG_WARN_UNGUARDED_AVAILABILITY = YES_AGGRESSIVE;
				CLANG_WARN_UNREACHABLE_CODE = YES;
				CLANG_WARN__DUPLICATE_METHOD_MATCH = YES;
				COPY_PHASE_STRIP = NO;
				CURRENT_PROJECT_VERSION = 1;
				DEBUG_INFORMATION_FORMAT = "dwarf-with-dsym";
				ENABLE_NS_ASSERTIONS = NO;
				ENABLE_STRICT_OBJC_MSGSEND = YES;
				GCC_C_LANGUAGE_STANDARD = gnu11;
				GCC_NO_COMMON_BLOCKS = YES;
				GCC_WARN_64_TO_32_BIT_CONVERSION = YES;
				GCC_WARN_ABOUT_RETURN_TYPE = YES_ERROR;
				GCC_WARN_UNDECLARED_SELECTOR = YES;
				GCC_WARN_UNINITIALIZED_AUTOS = YES_AGGRESSIVE;
				GCC_WARN_UNUSED_FUNCTION = YES;
				GCC_WARN_UNUSED_VARIABLE = YES;
				GENERATE_INFOPLIST_FILE = YES;
				INFOPLIST_KEY_CFBundleDisplayName = "Daily Routine";
				INFOPLIST_KEY_LSApplicationCategoryType = "public.app-category.productivity";
				IPHONEOS_DEPLOYMENT_TARGET = 17.0;
				MARKETING_VERSION = 1.0.0;
				MTL_ENABLE_DEBUG_INFO = NO;
				MTL_FAST_MATH = YES;
				PRODUCT_NAME = "$(TARGET_NAME)";
				SDKROOT = iphoneos;
				SWIFT_COMPILATION_MODE = wholemodule;
				SWIFT_OPTIMIZATION_LEVEL = "-O";
				SWIFT_VERSION = 5.9;
			};
			name = Release;
		};
		C1EE7CD3C16B4F100B1CBC34 /* Debug */ = {
			isa = XCBuildConfiguration;
			buildSettings = {
				BUNDLE_LOADER = "$(TEST_HOST)";
				GENERATE_INFOPLIST_FILE = YES;
				IPHONEOS_DEPLOYMENT_TARGET = 17.0;
				LD_RUNPATH_SEARCH_PATHS = (
					"$(inherited)",
					"@executable_path/Frameworks",
					"@loader_path/Frameworks",
				);
				PRODUCT_BUNDLE_IDENTIFIER = com.mrtun.DailyRoutineTests;
				SDKROOT = iphoneos;
				TARGETED_DEVICE_FAMILY = "1,2";
				TEST_HOST = "$(BUILT_PRODUCTS_DIR)/DailyRoutine.app/$(BUNDLE_EXECUTABLE_FOLDER_PATH)/DailyRoutine";
			};
			name = Debug;
		};
		E2F621CAB5D6B2E86EAA7DDF /* Debug */ = {
			isa = XCBuildConfiguration;
			buildSettings = {
				ALWAYS_SEARCH_USER_PATHS = NO;
				CLANG_ANALYZER_NONNULL = YES;
				CLANG_ANALYZER_NUMBER_OBJECT_CONVERSION = YES_AGGRESSIVE;
				CLANG_CXX_LANGUAGE_STANDARD = "gnu++14";
				CLANG_CXX_LIBRARY = "libc++";
				CLANG_ENABLE_MODULES = YES;
				CLANG_ENABLE_OBJC_ARC = YES;
				CLANG_ENABLE_OBJC_WEAK = YES;
				CLANG_WARN_BLOCK_CAPTURE_AUTORELEASING = YES;
				CLANG_WARN_BOOL_CONVERSION = YES;
				CLANG_WARN_COMMA = YES;
				CLANG_WARN_CONSTANT_CONVERSION = YES;
				CLANG_WARN_DEPRECATED_OBJC_IMPLEMENTATIONS = YES;
				CLANG_WARN_DIRECT_OBJC_ISA_USAGE = YES_ERROR;
				CLANG_WARN_DOCUMENTATION_COMMENTS = YES;
				CLANG_WARN_EMPTY_BODY = YES;
				CLANG_WARN_ENUM_CONVERSION = YES;
				CLANG_WARN_INFINITE_RECURSION = YES;
				CLANG_WARN_INT_CONVERSION = YES;
				CLANG_WARN_NON_LITERAL_NULL_CONVERSION = YES;
				CLANG_WARN_OBJC_IMPLICIT_RETAIN_SELF = YES;
				CLANG_WARN_OBJC_LITERAL_CONVERSION = YES;
				CLANG_WARN_OBJC_ROOT_CLASS = YES_ERROR;
				CLANG_WARN_QUOTED_INCLUDE_IN_FRAMEWORK_HEADER = YES;
				CLANG_WARN_RANGE_LOOP_ANALYSIS = YES;
				CLANG_WARN_STRICT_PROTOTYPES = YES;
				CLANG_WARN_SUSPICIOUS_MOVE = YES;
				CLANG_WARN_UNGUARDED_AVAILABILITY = YES_AGGRESSIVE;
				CLANG_WARN_UNREACHABLE_CODE = YES;
				CLANG_WARN__DUPLICATE_METHOD_MATCH = YES;
				COPY_PHASE_STRIP = NO;
				CURRENT_PROJECT_VERSION = 1;
				DEBUG_INFORMATION_FORMAT = dwarf;
				ENABLE_STRICT_OBJC_MSGSEND = YES;
				ENABLE_TESTABILITY = YES;
				GCC_C_LANGUAGE_STANDARD = gnu11;
				GCC_DYNAMIC_NO_PIC = NO;
				GCC_NO_COMMON_BLOCKS = YES;
				GCC_OPTIMIZATION_LEVEL = 0;
				GCC_PREPROCESSOR_DEFINITIONS = (
					"$(inherited)",
					"DEBUG=1",
				);
				GCC_WARN_64_TO_32_BIT_CONVERSION = YES;
				GCC_WARN_ABOUT_RETURN_TYPE = YES_ERROR;
				GCC_WARN_UNDECLARED_SELECTOR = YES;
				GCC_WARN_UNINITIALIZED_AUTOS = YES_AGGRESSIVE;
				GCC_WARN_UNUSED_FUNCTION = YES;
				GCC_WARN_UNUSED_VARIABLE = YES;
				GENERATE_INFOPLIST_FILE = YES;
				INFOPLIST_KEY_CFBundleDisplayName = "Daily Routine";
				INFOPLIST_KEY_LSApplicationCategoryType = "public.app-category.productivity";
				IPHONEOS_DEPLOYMENT_TARGET = 17.0;
				MARKETING_VERSION = 1.0.0;
				MTL_ENABLE_DEBUG_INFO = INCLUDE_SOURCE;
				MTL_FAST_MATH = YES;
				ONLY_ACTIVE_ARCH = YES;
				PRODUCT_NAME = "$(TARGET_NAME)";
				SDKROOT = iphoneos;
				SWIFT_ACTIVE_COMPILATION_CONDITIONS = DEBUG;
				SWIFT_OPTIMIZATION_LEVEL = "-Onone";
				SWIFT_VERSION = 5.9;
			};
			name = Debug;
		};
		E3DC395D53926760C0463659 /* Release */ = {
			isa = XCBuildConfiguration;
			buildSettings = {
				ASSETCATALOG_COMPILER_APPICON_NAME = AppIcon;
				ASSETCATALOG_COMPILER_GLOBAL_ACCENT_COLOR_NAME = AccentColor;
				CODE_SIGN_IDENTITY = "iPhone Developer";
				CODE_SIGN_STYLE = Automatic;
				DEVELOPMENT_TEAM = "";
				INFOPLIST_KEY_NSAppleMusicUsageDescription = "Control music during activities";
				INFOPLIST_KEY_NSCameraUsageDescription = "Take evidence photos for activities";
				INFOPLIST_KEY_UIApplicationSceneManifest_Generation = YES;
				INFOPLIST_KEY_UIApplicationSupportsIndirectInputEvents = YES;
				INFOPLIST_KEY_UILaunchScreen_Generation = YES;
				INFOPLIST_KEY_UISupportedInterfaceOrientations_iPhone = UIInterfaceOrientationPortrait;
				IPHONEOS_DEPLOYMENT_TARGET = 17.0;
				LD_RUNPATH_SEARCH_PATHS = (
					"$(inherited)",
					"@executable_path/Frameworks",
				);
				PRODUCT_BUNDLE_IDENTIFIER = com.mrtun.DailyRoutine;
				SDKROOT = iphoneos;
				SUPPORTED_PLATFORMS = "iphoneos iphonesimulator";
				SUPPORTS_MACCATALYST = NO;
				TARGETED_DEVICE_FAMILY = 1;
			};
			name = Release;
		};
/* End XCBuildConfiguration section */

/* Begin XCConfigurationList section */
		3E73B10DAF10FAAC9B2FC9B7 /* Build configuration list for PBXNativeTarget "DailyRoutine" */ = {
			isa = XCConfigurationList;
			buildConfigurations = (
				29DE0AD91199E8AC14447F2B /* Debug */,
				E3DC395D53926760C0463659 /* Release */,
			);
			defaultConfigurationIsVisible = 0;
			defaultConfigurationName = Debug;
		};
		EBB61274FEE0D874B8267493 /* Build configuration list for PBXNativeTarget "DailyRoutineTests" */ = {
			isa = XCConfigurationList;
			buildConfigurations = (
				C1EE7CD3C16B4F100B1CBC34 /* Debug */,
				3F9E88849A57E636B70BF19F /* Release */,
			);
			defaultConfigurationIsVisible = 0;
			defaultConfigurationName = Debug;
		};
		F90391B6045350C4251F3BD9 /* Build configuration list for PBXProject "DailyRoutine" */ = {
			isa = XCConfigurationList;
			buildConfigurations = (
				E2F621CAB5D6B2E86EAA7DDF /* Debug */,
				C08B45444425F83B36F35990 /* Release */,
			);
			defaultConfigurationIsVisible = 0;
			defaultConfigurationName = Debug;
		};
/* End XCConfigurationList section */
	};
	rootObject = 70C6E364ACD665C0804EAA4A /* Project object */;
}
